
Microsoft Visual Studio Solution File, Format Version 12.00
# Visual Studio 14
VisualStudioVersion = 14.0.25420.1
MinimumVisualStudioVersion = 10.0.40219.1
Project("{FAE04EC0-301F-11D3-BF4B-00C04F79EFBC}") = "Management", "Management\Management.csproj", "{554EAB22-192C-4B2C-AE1D-A1AB46D43135}"
EndProject
Project("{FAE04EC0-301F-11D3-BF4B-00C04F79EFBC}") = "Register", "Register\Register.csproj", "{3938309A-6773-489C-BE13-BEFB7417A0F0}"
EndProject
Project("{FAE04EC0-301F-11D3-BF4B-00C04F79EFBC}") = "VFD_TEST", "VFD_TEST\VFD_TEST.csproj", "{7475A22B-CD58-41F4-8F71-01ACC7E5CE80}"
EndProject
Project("{FAE04EC0-301F-11D3-BF4B-00C04F79EFBC}") = "WebManagement", "WebManagement\WebManagement.csproj", "{806A71F1-0546-47F3-AC3F-ACE7318E3040}"
EndProject
Project("{FAE04EC0-301F-11D3-BF4B-00C04F79EFBC}") = "VFD_EPSON_COMMAND", "VFD_EPSON_COMMAND\VFD_EPSON_COMMAND.csproj", "{DA307E7F-E62D-4590-8E2B-10ACF570080C}"
EndProject
Project("{FAE04EC0-301F-11D3-BF4B-00C04F79EFBC}") = "DateValidation", "DateValidation\DateValidation.csproj", "{EA3EF8B7-BD58-45B8-95D6-62F0A3A1FEE8}"
EndProject
Project("{FAE04EC0-301F-11D3-BF4B-00C04F79EFBC}") = "ClockInOut", "ClockInOut\ClockInOut.csproj", "{14C578A3-3A7F-4017-AF70-1072E6911FC8}"
EndProject
Project("{FAE04EC0-301F-11D3-BF4B-00C04F79EFBC}") = "B4UConnection", "B4UConnection\B4UConnection.csproj", "{CAA17F4A-2BDE-4337-BAB9-B41D3B7AA67B}"
EndProject
Project("{FAE04EC0-301F-11D3-BF4B-00C04F79EFBC}") = "CreditCardProcessing", "CreditCardProcessing\CreditCardProcessing.csproj", "{3C6A95C4-9F8F-4A08-9DA9-DA30778ED155}"
EndProject
Project("{FAE04EC0-301F-11D3-BF4B-00C04F79EFBC}") = "B4Udll", "B4Udll\B4Udll.csproj", "{9A90BEAD-F1F9-45E7-BFED-8FBB1353B70C}"
EndProject
Project("{FAE04EC0-301F-11D3-BF4B-00C04F79EFBC}") = "ApplicationIdleDemo", "AppIdle\ApplicationIdleDemo.csproj", "{877B8AAE-F458-458A-AF40-818723D84998}"
EndProject
Project("{FAE04EC0-301F-11D3-BF4B-00C04F79EFBC}") = "Point Solution CSharp Sample", "Point Solution CSharp Sample\Point Solution CSharp Sample.csproj", "{93A053F9-9285-4D45-8C6C-318A00CDEEAE}"
EndProject
Project("{FAE04EC0-301F-11D3-BF4B-00C04F79EFBC}") = "CloverIntegrationTest", "CloverIntegrationTest\CloverIntegrationTest.csproj", "{FC891FAE-5DE7-449C-BF95-8A79D6913E68}"
EndProject
Project("{FAE04EC0-301F-11D3-BF4B-00C04F79EFBC}") = "CloverConnection", "CloverConnection\CloverConnection.csproj", "{A37DB1DF-30DF-4C12-95F1-76880D00572D}"
EndProject
Project("{FAE04EC0-301F-11D3-BF4B-00C04F79EFBC}") = "Barcode_Test", "Barcode_Test\Barcode_Test.csproj", "{6903CCB7-2C4D-456A-ADC2-F2452493DC6B}"
EndProject
Global
	GlobalSection(SolutionConfigurationPlatforms) = preSolution
		Ad-Hoc|Any CPU = Ad-Hoc|Any CPU
		Ad-Hoc|ARM = Ad-Hoc|ARM
		Ad-Hoc|iPhone = Ad-Hoc|iPhone
		Ad-Hoc|iPhoneSimulator = Ad-Hoc|iPhoneSimulator
		Ad-Hoc|x64 = Ad-Hoc|x64
		Ad-Hoc|x86 = Ad-Hoc|x86
		AppStore|Any CPU = AppStore|Any CPU
		AppStore|ARM = AppStore|ARM
		AppStore|iPhone = AppStore|iPhone
		AppStore|iPhoneSimulator = AppStore|iPhoneSimulator
		AppStore|x64 = AppStore|x64
		AppStore|x86 = AppStore|x86
		Debug|Any CPU = Debug|Any CPU
		Debug|ARM = Debug|ARM
		Debug|iPhone = Debug|iPhone
		Debug|iPhoneSimulator = Debug|iPhoneSimulator
		Debug|x64 = Debug|x64
		Debug|x86 = Debug|x86
		Release|Any CPU = Release|Any CPU
		Release|ARM = Release|ARM
		Release|iPhone = Release|iPhone
		Release|iPhoneSimulator = Release|iPhoneSimulator
		Release|x64 = Release|x64
		Release|x86 = Release|x86
	EndGlobalSection
	GlobalSection(ProjectConfigurationPlatforms) = postSolution
		{554EAB22-192C-4B2C-AE1D-A1AB46D43135}.Ad-Hoc|Any CPU.ActiveCfg = Release|Any CPU
		{554EAB22-192C-4B2C-AE1D-A1AB46D43135}.Ad-Hoc|Any CPU.Build.0 = Release|Any CPU
		{554EAB22-192C-4B2C-AE1D-A1AB46D43135}.Ad-Hoc|ARM.ActiveCfg = Release|Any CPU
		{554EAB22-192C-4B2C-AE1D-A1AB46D43135}.Ad-Hoc|ARM.Build.0 = Release|Any CPU
		{554EAB22-192C-4B2C-AE1D-A1AB46D43135}.Ad-Hoc|iPhone.ActiveCfg = Release|Any CPU
		{554EAB22-192C-4B2C-AE1D-A1AB46D43135}.Ad-Hoc|iPhone.Build.0 = Release|Any CPU
		{554EAB22-192C-4B2C-AE1D-A1AB46D43135}.Ad-Hoc|iPhoneSimulator.ActiveCfg = Release|Any CPU
		{554EAB22-192C-4B2C-AE1D-A1AB46D43135}.Ad-Hoc|iPhoneSimulator.Build.0 = Release|Any CPU
		{554EAB22-192C-4B2C-AE1D-A1AB46D43135}.Ad-Hoc|x64.ActiveCfg = Release|Any CPU
		{554EAB22-192C-4B2C-AE1D-A1AB46D43135}.Ad-Hoc|x64.Build.0 = Release|Any CPU
		{554EAB22-192C-4B2C-AE1D-A1AB46D43135}.Ad-Hoc|x86.ActiveCfg = Release|Any CPU
		{554EAB22-192C-4B2C-AE1D-A1AB46D43135}.Ad-Hoc|x86.Build.0 = Release|Any CPU
		{554EAB22-192C-4B2C-AE1D-A1AB46D43135}.AppStore|Any CPU.ActiveCfg = Release|Any CPU
		{554EAB22-192C-4B2C-AE1D-A1AB46D43135}.AppStore|Any CPU.Build.0 = Release|Any CPU
		{554EAB22-192C-4B2C-AE1D-A1AB46D43135}.AppStore|ARM.ActiveCfg = Release|Any CPU
		{554EAB22-192C-4B2C-AE1D-A1AB46D43135}.AppStore|ARM.Build.0 = Release|Any CPU
		{554EAB22-192C-4B2C-AE1D-A1AB46D43135}.AppStore|iPhone.ActiveCfg = Release|Any CPU
		{554EAB22-192C-4B2C-AE1D-A1AB46D43135}.AppStore|iPhone.Build.0 = Release|Any CPU
		{554EAB22-192C-4B2C-AE1D-A1AB46D43135}.AppStore|iPhoneSimulator.ActiveCfg = Release|Any CPU
		{554EAB22-192C-4B2C-AE1D-A1AB46D43135}.AppStore|iPhoneSimulator.Build.0 = Release|Any CPU
		{554EAB22-192C-4B2C-AE1D-A1AB46D43135}.AppStore|x64.ActiveCfg = Release|Any CPU
		{554EAB22-192C-4B2C-AE1D-A1AB46D43135}.AppStore|x64.Build.0 = Release|Any CPU
		{554EAB22-192C-4B2C-AE1D-A1AB46D43135}.AppStore|x86.ActiveCfg = Release|Any CPU
		{554EAB22-192C-4B2C-AE1D-A1AB46D43135}.AppStore|x86.Build.0 = Release|Any CPU
		{554EAB22-192C-4B2C-AE1D-A1AB46D43135}.Debug|Any CPU.ActiveCfg = Debug|Any CPU
		{554EAB22-192C-4B2C-AE1D-A1AB46D43135}.Debug|Any CPU.Build.0 = Debug|Any CPU
		{554EAB22-192C-4B2C-AE1D-A1AB46D43135}.Debug|ARM.ActiveCfg = Debug|Any CPU
		{554EAB22-192C-4B2C-AE1D-A1AB46D43135}.Debug|ARM.Build.0 = Debug|Any CPU
		{554EAB22-192C-4B2C-AE1D-A1AB46D43135}.Debug|iPhone.ActiveCfg = Debug|Any CPU
		{554EAB22-192C-4B2C-AE1D-A1AB46D43135}.Debug|iPhone.Build.0 = Debug|Any CPU
		{554EAB22-192C-4B2C-AE1D-A1AB46D43135}.Debug|iPhoneSimulator.ActiveCfg = Debug|Any CPU
		{554EAB22-192C-4B2C-AE1D-A1AB46D43135}.Debug|iPhoneSimulator.Build.0 = Debug|Any CPU
		{554EAB22-192C-4B2C-AE1D-A1AB46D43135}.Debug|x64.ActiveCfg = Debug|Any CPU
		{554EAB22-192C-4B2C-AE1D-A1AB46D43135}.Debug|x64.Build.0 = Debug|Any CPU
		{554EAB22-192C-4B2C-AE1D-A1AB46D43135}.Debug|x86.ActiveCfg = Debug|Any CPU
		{554EAB22-192C-4B2C-AE1D-A1AB46D43135}.Debug|x86.Build.0 = Debug|Any CPU
		{554EAB22-192C-4B2C-AE1D-A1AB46D43135}.Release|Any CPU.ActiveCfg = Release|Any CPU
		{554EAB22-192C-4B2C-AE1D-A1AB46D43135}.Release|Any CPU.Build.0 = Release|Any CPU
		{554EAB22-192C-4B2C-AE1D-A1AB46D43135}.Release|ARM.ActiveCfg = Release|Any CPU
		{554EAB22-192C-4B2C-AE1D-A1AB46D43135}.Release|ARM.Build.0 = Release|Any CPU
		{554EAB22-192C-4B2C-AE1D-A1AB46D43135}.Release|iPhone.ActiveCfg = Release|Any CPU
		{554EAB22-192C-4B2C-AE1D-A1AB46D43135}.Release|iPhone.Build.0 = Release|Any CPU
		{554EAB22-192C-4B2C-AE1D-A1AB46D43135}.Release|iPhoneSimulator.ActiveCfg = Release|Any CPU
		{554EAB22-192C-4B2C-AE1D-A1AB46D43135}.Release|iPhoneSimulator.Build.0 = Release|Any CPU
		{554EAB22-192C-4B2C-AE1D-A1AB46D43135}.Release|x64.ActiveCfg = Release|Any CPU
		{554EAB22-192C-4B2C-AE1D-A1AB46D43135}.Release|x64.Build.0 = Release|Any CPU
		{554EAB22-192C-4B2C-AE1D-A1AB46D43135}.Release|x86.ActiveCfg = Release|Any CPU
		{554EAB22-192C-4B2C-AE1D-A1AB46D43135}.Release|x86.Build.0 = Release|Any CPU
		{3938309A-6773-489C-BE13-BEFB7417A0F0}.Ad-Hoc|Any CPU.ActiveCfg = Release|Any CPU
		{3938309A-6773-489C-BE13-BEFB7417A0F0}.Ad-Hoc|Any CPU.Build.0 = Release|Any CPU
		{3938309A-6773-489C-BE13-BEFB7417A0F0}.Ad-Hoc|ARM.ActiveCfg = Release|Any CPU
		{3938309A-6773-489C-BE13-BEFB7417A0F0}.Ad-Hoc|ARM.Build.0 = Release|Any CPU
		{3938309A-6773-489C-BE13-BEFB7417A0F0}.Ad-Hoc|iPhone.ActiveCfg = Release|Any CPU
		{3938309A-6773-489C-BE13-BEFB7417A0F0}.Ad-Hoc|iPhone.Build.0 = Release|Any CPU
		{3938309A-6773-489C-BE13-BEFB7417A0F0}.Ad-Hoc|iPhoneSimulator.ActiveCfg = Release|Any CPU
		{3938309A-6773-489C-BE13-BEFB7417A0F0}.Ad-Hoc|iPhoneSimulator.Build.0 = Release|Any CPU
		{3938309A-6773-489C-BE13-BEFB7417A0F0}.Ad-Hoc|x64.ActiveCfg = Release|Any CPU
		{3938309A-6773-489C-BE13-BEFB7417A0F0}.Ad-Hoc|x64.Build.0 = Release|Any CPU
		{3938309A-6773-489C-BE13-BEFB7417A0F0}.Ad-Hoc|x86.ActiveCfg = Release|Any CPU
		{3938309A-6773-489C-BE13-BEFB7417A0F0}.Ad-Hoc|x86.Build.0 = Release|Any CPU
		{3938309A-6773-489C-BE13-BEFB7417A0F0}.AppStore|Any CPU.ActiveCfg = Release|Any CPU
		{3938309A-6773-489C-BE13-BEFB7417A0F0}.AppStore|Any CPU.Build.0 = Release|Any CPU
		{3938309A-6773-489C-BE13-BEFB7417A0F0}.AppStore|ARM.ActiveCfg = Release|Any CPU
		{3938309A-6773-489C-BE13-BEFB7417A0F0}.AppStore|ARM.Build.0 = Release|Any CPU
		{3938309A-6773-489C-BE13-BEFB7417A0F0}.AppStore|iPhone.ActiveCfg = Release|Any CPU
		{3938309A-6773-489C-BE13-BEFB7417A0F0}.AppStore|iPhone.Build.0 = Release|Any CPU
		{3938309A-6773-489C-BE13-BEFB7417A0F0}.AppStore|iPhoneSimulator.ActiveCfg = Release|Any CPU
		{3938309A-6773-489C-BE13-BEFB7417A0F0}.AppStore|iPhoneSimulator.Build.0 = Release|Any CPU
		{3938309A-6773-489C-BE13-BEFB7417A0F0}.AppStore|x64.ActiveCfg = Release|Any CPU
		{3938309A-6773-489C-BE13-BEFB7417A0F0}.AppStore|x64.Build.0 = Release|Any CPU
		{3938309A-6773-489C-BE13-BEFB7417A0F0}.AppStore|x86.ActiveCfg = Release|Any CPU
		{3938309A-6773-489C-BE13-BEFB7417A0F0}.AppStore|x86.Build.0 = Release|Any CPU
		{3938309A-6773-489C-BE13-BEFB7417A0F0}.Debug|Any CPU.ActiveCfg = Debug|Any CPU
		{3938309A-6773-489C-BE13-BEFB7417A0F0}.Debug|Any CPU.Build.0 = Debug|Any CPU
		{3938309A-6773-489C-BE13-BEFB7417A0F0}.Debug|ARM.ActiveCfg = Debug|Any CPU
		{3938309A-6773-489C-BE13-BEFB7417A0F0}.Debug|ARM.Build.0 = Debug|Any CPU
		{3938309A-6773-489C-BE13-BEFB7417A0F0}.Debug|iPhone.ActiveCfg = Debug|Any CPU
		{3938309A-6773-489C-BE13-BEFB7417A0F0}.Debug|iPhone.Build.0 = Debug|Any CPU
		{3938309A-6773-489C-BE13-BEFB7417A0F0}.Debug|iPhoneSimulator.ActiveCfg = Debug|Any CPU
		{3938309A-6773-489C-BE13-BEFB7417A0F0}.Debug|iPhoneSimulator.Build.0 = Debug|Any CPU
		{3938309A-6773-489C-BE13-BEFB7417A0F0}.Debug|x64.ActiveCfg = Debug|Any CPU
		{3938309A-6773-489C-BE13-BEFB7417A0F0}.Debug|x64.Build.0 = Debug|Any CPU
		{3938309A-6773-489C-BE13-BEFB7417A0F0}.Debug|x86.ActiveCfg = Debug|Any CPU
		{3938309A-6773-489C-BE13-BEFB7417A0F0}.Debug|x86.Build.0 = Debug|Any CPU
		{3938309A-6773-489C-BE13-BEFB7417A0F0}.Release|Any CPU.ActiveCfg = Release|Any CPU
		{3938309A-6773-489C-BE13-BEFB7417A0F0}.Release|Any CPU.Build.0 = Release|Any CPU
		{3938309A-6773-489C-BE13-BEFB7417A0F0}.Release|ARM.ActiveCfg = Release|Any CPU
		{3938309A-6773-489C-BE13-BEFB7417A0F0}.Release|ARM.Build.0 = Release|Any CPU
		{3938309A-6773-489C-BE13-BEFB7417A0F0}.Release|iPhone.ActiveCfg = Release|Any CPU
		{3938309A-6773-489C-BE13-BEFB7417A0F0}.Release|iPhone.Build.0 = Release|Any CPU
		{3938309A-6773-489C-BE13-BEFB7417A0F0}.Release|iPhoneSimulator.ActiveCfg = Release|Any CPU
		{3938309A-6773-489C-BE13-BEFB7417A0F0}.Release|iPhoneSimulator.Build.0 = Release|Any CPU
		{3938309A-6773-489C-BE13-BEFB7417A0F0}.Release|x64.ActiveCfg = Release|Any CPU
		{3938309A-6773-489C-BE13-BEFB7417A0F0}.Release|x64.Build.0 = Release|Any CPU
		{3938309A-6773-489C-BE13-BEFB7417A0F0}.Release|x86.ActiveCfg = Release|Any CPU
		{3938309A-6773-489C-BE13-BEFB7417A0F0}.Release|x86.Build.0 = Release|Any CPU
		{7475A22B-CD58-41F4-8F71-01ACC7E5CE80}.Ad-Hoc|Any CPU.ActiveCfg = Release|Any CPU
		{7475A22B-CD58-41F4-8F71-01ACC7E5CE80}.Ad-Hoc|Any CPU.Build.0 = Release|Any CPU
		{7475A22B-CD58-41F4-8F71-01ACC7E5CE80}.Ad-Hoc|ARM.ActiveCfg = Release|Any CPU
		{7475A22B-CD58-41F4-8F71-01ACC7E5CE80}.Ad-Hoc|ARM.Build.0 = Release|Any CPU
		{7475A22B-CD58-41F4-8F71-01ACC7E5CE80}.Ad-Hoc|iPhone.ActiveCfg = Release|Any CPU
		{7475A22B-CD58-41F4-8F71-01ACC7E5CE80}.Ad-Hoc|iPhone.Build.0 = Release|Any CPU
		{7475A22B-CD58-41F4-8F71-01ACC7E5CE80}.Ad-Hoc|iPhoneSimulator.ActiveCfg = Release|Any CPU
		{7475A22B-CD58-41F4-8F71-01ACC7E5CE80}.Ad-Hoc|iPhoneSimulator.Build.0 = Release|Any CPU
		{7475A22B-CD58-41F4-8F71-01ACC7E5CE80}.Ad-Hoc|x64.ActiveCfg = Release|Any CPU
		{7475A22B-CD58-41F4-8F71-01ACC7E5CE80}.Ad-Hoc|x64.Build.0 = Release|Any CPU
		{7475A22B-CD58-41F4-8F71-01ACC7E5CE80}.Ad-Hoc|x86.ActiveCfg = Release|Any CPU
		{7475A22B-CD58-41F4-8F71-01ACC7E5CE80}.Ad-Hoc|x86.Build.0 = Release|Any CPU
		{7475A22B-CD58-41F4-8F71-01ACC7E5CE80}.AppStore|Any CPU.ActiveCfg = Release|Any CPU
		{7475A22B-CD58-41F4-8F71-01ACC7E5CE80}.AppStore|Any CPU.Build.0 = Release|Any CPU
		{7475A22B-CD58-41F4-8F71-01ACC7E5CE80}.AppStore|ARM.ActiveCfg = Release|Any CPU
		{7475A22B-CD58-41F4-8F71-01ACC7E5CE80}.AppStore|ARM.Build.0 = Release|Any CPU
		{7475A22B-CD58-41F4-8F71-01ACC7E5CE80}.AppStore|iPhone.ActiveCfg = Release|Any CPU
		{7475A22B-CD58-41F4-8F71-01ACC7E5CE80}.AppStore|iPhone.Build.0 = Release|Any CPU
		{7475A22B-CD58-41F4-8F71-01ACC7E5CE80}.AppStore|iPhoneSimulator.ActiveCfg = Release|Any CPU
		{7475A22B-CD58-41F4-8F71-01ACC7E5CE80}.AppStore|iPhoneSimulator.Build.0 = Release|Any CPU
		{7475A22B-CD58-41F4-8F71-01ACC7E5CE80}.AppStore|x64.ActiveCfg = Release|Any CPU
		{7475A22B-CD58-41F4-8F71-01ACC7E5CE80}.AppStore|x64.Build.0 = Release|Any CPU
		{7475A22B-CD58-41F4-8F71-01ACC7E5CE80}.AppStore|x86.ActiveCfg = Release|Any CPU
		{7475A22B-CD58-41F4-8F71-01ACC7E5CE80}.AppStore|x86.Build.0 = Release|Any CPU
		{7475A22B-CD58-41F4-8F71-01ACC7E5CE80}.Debug|Any CPU.ActiveCfg = Debug|Any CPU
		{7475A22B-CD58-41F4-8F71-01ACC7E5CE80}.Debug|Any CPU.Build.0 = Debug|Any CPU
		{7475A22B-CD58-41F4-8F71-01ACC7E5CE80}.Debug|ARM.ActiveCfg = Debug|Any CPU
		{7475A22B-CD58-41F4-8F71-01ACC7E5CE80}.Debug|ARM.Build.0 = Debug|Any CPU
		{7475A22B-CD58-41F4-8F71-01ACC7E5CE80}.Debug|iPhone.ActiveCfg = Debug|Any CPU
		{7475A22B-CD58-41F4-8F71-01ACC7E5CE80}.Debug|iPhone.Build.0 = Debug|Any CPU
		{7475A22B-CD58-41F4-8F71-01ACC7E5CE80}.Debug|iPhoneSimulator.ActiveCfg = Debug|Any CPU
		{7475A22B-CD58-41F4-8F71-01ACC7E5CE80}.Debug|iPhoneSimulator.Build.0 = Debug|Any CPU
		{7475A22B-CD58-41F4-8F71-01ACC7E5CE80}.Debug|x64.ActiveCfg = Debug|Any CPU
		{7475A22B-CD58-41F4-8F71-01ACC7E5CE80}.Debug|x64.Build.0 = Debug|Any CPU
		{7475A22B-CD58-41F4-8F71-01ACC7E5CE80}.Debug|x86.ActiveCfg = Debug|Any CPU
		{7475A22B-CD58-41F4-8F71-01ACC7E5CE80}.Debug|x86.Build.0 = Debug|Any CPU
		{7475A22B-CD58-41F4-8F71-01ACC7E5CE80}.Release|Any CPU.ActiveCfg = Release|Any CPU
		{7475A22B-CD58-41F4-8F71-01ACC7E5CE80}.Release|Any CPU.Build.0 = Release|Any CPU
		{7475A22B-CD58-41F4-8F71-01ACC7E5CE80}.Release|ARM.ActiveCfg = Release|Any CPU
		{7475A22B-CD58-41F4-8F71-01ACC7E5CE80}.Release|ARM.Build.0 = Release|Any CPU
		{7475A22B-CD58-41F4-8F71-01ACC7E5CE80}.Release|iPhone.ActiveCfg = Release|Any CPU
		{7475A22B-CD58-41F4-8F71-01ACC7E5CE80}.Release|iPhone.Build.0 = Release|Any CPU
		{7475A22B-CD58-41F4-8F71-01ACC7E5CE80}.Release|iPhoneSimulator.ActiveCfg = Release|Any CPU
		{7475A22B-CD58-41F4-8F71-01ACC7E5CE80}.Release|iPhoneSimulator.Build.0 = Release|Any CPU
		{7475A22B-CD58-41F4-8F71-01ACC7E5CE80}.Release|x64.ActiveCfg = Release|Any CPU
		{7475A22B-CD58-41F4-8F71-01ACC7E5CE80}.Release|x64.Build.0 = Release|Any CPU
		{7475A22B-CD58-41F4-8F71-01ACC7E5CE80}.Release|x86.ActiveCfg = Release|Any CPU
		{7475A22B-CD58-41F4-8F71-01ACC7E5CE80}.Release|x86.Build.0 = Release|Any CPU
		{806A71F1-0546-47F3-AC3F-ACE7318E3040}.Ad-Hoc|Any CPU.ActiveCfg = Release|Any CPU
		{806A71F1-0546-47F3-AC3F-ACE7318E3040}.Ad-Hoc|Any CPU.Build.0 = Release|Any CPU
		{806A71F1-0546-47F3-AC3F-ACE7318E3040}.Ad-Hoc|ARM.ActiveCfg = Release|Any CPU
		{806A71F1-0546-47F3-AC3F-ACE7318E3040}.Ad-Hoc|ARM.Build.0 = Release|Any CPU
		{806A71F1-0546-47F3-AC3F-ACE7318E3040}.Ad-Hoc|iPhone.ActiveCfg = Release|Any CPU
		{806A71F1-0546-47F3-AC3F-ACE7318E3040}.Ad-Hoc|iPhone.Build.0 = Release|Any CPU
		{806A71F1-0546-47F3-AC3F-ACE7318E3040}.Ad-Hoc|iPhoneSimulator.ActiveCfg = Release|Any CPU
		{806A71F1-0546-47F3-AC3F-ACE7318E3040}.Ad-Hoc|iPhoneSimulator.Build.0 = Release|Any CPU
		{806A71F1-0546-47F3-AC3F-ACE7318E3040}.Ad-Hoc|x64.ActiveCfg = Release|Any CPU
		{806A71F1-0546-47F3-AC3F-ACE7318E3040}.Ad-Hoc|x64.Build.0 = Release|Any CPU
		{806A71F1-0546-47F3-AC3F-ACE7318E3040}.Ad-Hoc|x86.ActiveCfg = Release|Any CPU
		{806A71F1-0546-47F3-AC3F-ACE7318E3040}.Ad-Hoc|x86.Build.0 = Release|Any CPU
		{806A71F1-0546-47F3-AC3F-ACE7318E3040}.AppStore|Any CPU.ActiveCfg = Release|Any CPU
		{806A71F1-0546-47F3-AC3F-ACE7318E3040}.AppStore|Any CPU.Build.0 = Release|Any CPU
		{806A71F1-0546-47F3-AC3F-ACE7318E3040}.AppStore|ARM.ActiveCfg = Release|Any CPU
		{806A71F1-0546-47F3-AC3F-ACE7318E3040}.AppStore|ARM.Build.0 = Release|Any CPU
		{806A71F1-0546-47F3-AC3F-ACE7318E3040}.AppStore|iPhone.ActiveCfg = Release|Any CPU
		{806A71F1-0546-47F3-AC3F-ACE7318E3040}.AppStore|iPhone.Build.0 = Release|Any CPU
		{806A71F1-0546-47F3-AC3F-ACE7318E3040}.AppStore|iPhoneSimulator.ActiveCfg = Release|Any CPU
		{806A71F1-0546-47F3-AC3F-ACE7318E3040}.AppStore|iPhoneSimulator.Build.0 = Release|Any CPU
		{806A71F1-0546-47F3-AC3F-ACE7318E3040}.AppStore|x64.ActiveCfg = Release|Any CPU
		{806A71F1-0546-47F3-AC3F-ACE7318E3040}.AppStore|x64.Build.0 = Release|Any CPU
		{806A71F1-0546-47F3-AC3F-ACE7318E3040}.AppStore|x86.ActiveCfg = Release|Any CPU
		{806A71F1-0546-47F3-AC3F-ACE7318E3040}.AppStore|x86.Build.0 = Release|Any CPU
		{806A71F1-0546-47F3-AC3F-ACE7318E3040}.Debug|Any CPU.ActiveCfg = Debug|Any CPU
		{806A71F1-0546-47F3-AC3F-ACE7318E3040}.Debug|Any CPU.Build.0 = Debug|Any CPU
		{806A71F1-0546-47F3-AC3F-ACE7318E3040}.Debug|ARM.ActiveCfg = Debug|Any CPU
		{806A71F1-0546-47F3-AC3F-ACE7318E3040}.Debug|ARM.Build.0 = Debug|Any CPU
		{806A71F1-0546-47F3-AC3F-ACE7318E3040}.Debug|iPhone.ActiveCfg = Debug|Any CPU
		{806A71F1-0546-47F3-AC3F-ACE7318E3040}.Debug|iPhone.Build.0 = Debug|Any CPU
		{806A71F1-0546-47F3-AC3F-ACE7318E3040}.Debug|iPhoneSimulator.ActiveCfg = Debug|Any CPU
		{806A71F1-0546-47F3-AC3F-ACE7318E3040}.Debug|iPhoneSimulator.Build.0 = Debug|Any CPU
		{806A71F1-0546-47F3-AC3F-ACE7318E3040}.Debug|x64.ActiveCfg = Debug|Any CPU
		{806A71F1-0546-47F3-AC3F-ACE7318E3040}.Debug|x64.Build.0 = Debug|Any CPU
		{806A71F1-0546-47F3-AC3F-ACE7318E3040}.Debug|x86.ActiveCfg = Debug|Any CPU
		{806A71F1-0546-47F3-AC3F-ACE7318E3040}.Debug|x86.Build.0 = Debug|Any CPU
		{806A71F1-0546-47F3-AC3F-ACE7318E3040}.Release|Any CPU.ActiveCfg = Release|Any CPU
		{806A71F1-0546-47F3-AC3F-ACE7318E3040}.Release|Any CPU.Build.0 = Release|Any CPU
		{806A71F1-0546-47F3-AC3F-ACE7318E3040}.Release|ARM.ActiveCfg = Release|Any CPU
		{806A71F1-0546-47F3-AC3F-ACE7318E3040}.Release|ARM.Build.0 = Release|Any CPU
		{806A71F1-0546-47F3-AC3F-ACE7318E3040}.Release|iPhone.ActiveCfg = Release|Any CPU
		{806A71F1-0546-47F3-AC3F-ACE7318E3040}.Release|iPhone.Build.0 = Release|Any CPU
		{806A71F1-0546-47F3-AC3F-ACE7318E3040}.Release|iPhoneSimulator.ActiveCfg = Release|Any CPU
		{806A71F1-0546-47F3-AC3F-ACE7318E3040}.Release|iPhoneSimulator.Build.0 = Release|Any CPU
		{806A71F1-0546-47F3-AC3F-ACE7318E3040}.Release|x64.ActiveCfg = Release|Any CPU
		{806A71F1-0546-47F3-AC3F-ACE7318E3040}.Release|x64.Build.0 = Release|Any CPU
		{806A71F1-0546-47F3-AC3F-ACE7318E3040}.Release|x86.ActiveCfg = Release|Any CPU
		{806A71F1-0546-47F3-AC3F-ACE7318E3040}.Release|x86.Build.0 = Release|Any CPU
		{DA307E7F-E62D-4590-8E2B-10ACF570080C}.Ad-Hoc|Any CPU.ActiveCfg = Release|Any CPU
		{DA307E7F-E62D-4590-8E2B-10ACF570080C}.Ad-Hoc|Any CPU.Build.0 = Release|Any CPU
		{DA307E7F-E62D-4590-8E2B-10ACF570080C}.Ad-Hoc|ARM.ActiveCfg = Release|Any CPU
		{DA307E7F-E62D-4590-8E2B-10ACF570080C}.Ad-Hoc|ARM.Build.0 = Release|Any CPU
		{DA307E7F-E62D-4590-8E2B-10ACF570080C}.Ad-Hoc|iPhone.ActiveCfg = Release|Any CPU
		{DA307E7F-E62D-4590-8E2B-10ACF570080C}.Ad-Hoc|iPhone.Build.0 = Release|Any CPU
		{DA307E7F-E62D-4590-8E2B-10ACF570080C}.Ad-Hoc|iPhoneSimulator.ActiveCfg = Release|Any CPU
		{DA307E7F-E62D-4590-8E2B-10ACF570080C}.Ad-Hoc|iPhoneSimulator.Build.0 = Release|Any CPU
		{DA307E7F-E62D-4590-8E2B-10ACF570080C}.Ad-Hoc|x64.ActiveCfg = Release|Any CPU
		{DA307E7F-E62D-4590-8E2B-10ACF570080C}.Ad-Hoc|x64.Build.0 = Release|Any CPU
		{DA307E7F-E62D-4590-8E2B-10ACF570080C}.Ad-Hoc|x86.ActiveCfg = Release|Any CPU
		{DA307E7F-E62D-4590-8E2B-10ACF570080C}.Ad-Hoc|x86.Build.0 = Release|Any CPU
		{DA307E7F-E62D-4590-8E2B-10ACF570080C}.AppStore|Any CPU.ActiveCfg = Release|Any CPU
		{DA307E7F-E62D-4590-8E2B-10ACF570080C}.AppStore|Any CPU.Build.0 = Release|Any CPU
		{DA307E7F-E62D-4590-8E2B-10ACF570080C}.AppStore|ARM.ActiveCfg = Release|Any CPU
		{DA307E7F-E62D-4590-8E2B-10ACF570080C}.AppStore|ARM.Build.0 = Release|Any CPU
		{DA307E7F-E62D-4590-8E2B-10ACF570080C}.AppStore|iPhone.ActiveCfg = Release|Any CPU
		{DA307E7F-E62D-4590-8E2B-10ACF570080C}.AppStore|iPhone.Build.0 = Release|Any CPU
		{DA307E7F-E62D-4590-8E2B-10ACF570080C}.AppStore|iPhoneSimulator.ActiveCfg = Release|Any CPU
		{DA307E7F-E62D-4590-8E2B-10ACF570080C}.AppStore|iPhoneSimulator.Build.0 = Release|Any CPU
		{DA307E7F-E62D-4590-8E2B-10ACF570080C}.AppStore|x64.ActiveCfg = Release|Any CPU
		{DA307E7F-E62D-4590-8E2B-10ACF570080C}.AppStore|x64.Build.0 = Release|Any CPU
		{DA307E7F-E62D-4590-8E2B-10ACF570080C}.AppStore|x86.ActiveCfg = Release|Any CPU
		{DA307E7F-E62D-4590-8E2B-10ACF570080C}.AppStore|x86.Build.0 = Release|Any CPU
		{DA307E7F-E62D-4590-8E2B-10ACF570080C}.Debug|Any CPU.ActiveCfg = Debug|Any CPU
		{DA307E7F-E62D-4590-8E2B-10ACF570080C}.Debug|Any CPU.Build.0 = Debug|Any CPU
		{DA307E7F-E62D-4590-8E2B-10ACF570080C}.Debug|ARM.ActiveCfg = Debug|Any CPU
		{DA307E7F-E62D-4590-8E2B-10ACF570080C}.Debug|ARM.Build.0 = Debug|Any CPU
		{DA307E7F-E62D-4590-8E2B-10ACF570080C}.Debug|iPhone.ActiveCfg = Debug|Any CPU
		{DA307E7F-E62D-4590-8E2B-10ACF570080C}.Debug|iPhone.Build.0 = Debug|Any CPU
		{DA307E7F-E62D-4590-8E2B-10ACF570080C}.Debug|iPhoneSimulator.ActiveCfg = Debug|Any CPU
		{DA307E7F-E62D-4590-8E2B-10ACF570080C}.Debug|iPhoneSimulator.Build.0 = Debug|Any CPU
		{DA307E7F-E62D-4590-8E2B-10ACF570080C}.Debug|x64.ActiveCfg = Debug|Any CPU
		{DA307E7F-E62D-4590-8E2B-10ACF570080C}.Debug|x64.Build.0 = Debug|Any CPU
		{DA307E7F-E62D-4590-8E2B-10ACF570080C}.Debug|x86.ActiveCfg = Debug|Any CPU
		{DA307E7F-E62D-4590-8E2B-10ACF570080C}.Debug|x86.Build.0 = Debug|Any CPU
		{DA307E7F-E62D-4590-8E2B-10ACF570080C}.Release|Any CPU.ActiveCfg = Release|Any CPU
		{DA307E7F-E62D-4590-8E2B-10ACF570080C}.Release|Any CPU.Build.0 = Release|Any CPU
		{DA307E7F-E62D-4590-8E2B-10ACF570080C}.Release|ARM.ActiveCfg = Release|Any CPU
		{DA307E7F-E62D-4590-8E2B-10ACF570080C}.Release|ARM.Build.0 = Release|Any CPU
		{DA307E7F-E62D-4590-8E2B-10ACF570080C}.Release|iPhone.ActiveCfg = Release|Any CPU
		{DA307E7F-E62D-4590-8E2B-10ACF570080C}.Release|iPhone.Build.0 = Release|Any CPU
		{DA307E7F-E62D-4590-8E2B-10ACF570080C}.Release|iPhoneSimulator.ActiveCfg = Release|Any CPU
		{DA307E7F-E62D-4590-8E2B-10ACF570080C}.Release|iPhoneSimulator.Build.0 = Release|Any CPU
		{DA307E7F-E62D-4590-8E2B-10ACF570080C}.Release|x64.ActiveCfg = Release|Any CPU
		{DA307E7F-E62D-4590-8E2B-10ACF570080C}.Release|x64.Build.0 = Release|Any CPU
		{DA307E7F-E62D-4590-8E2B-10ACF570080C}.Release|x86.ActiveCfg = Release|Any CPU
		{DA307E7F-E62D-4590-8E2B-10ACF570080C}.Release|x86.Build.0 = Release|Any CPU
		{EA3EF8B7-BD58-45B8-95D6-62F0A3A1FEE8}.Ad-Hoc|Any CPU.ActiveCfg = Release|Any CPU
		{EA3EF8B7-BD58-45B8-95D6-62F0A3A1FEE8}.Ad-Hoc|Any CPU.Build.0 = Release|Any CPU
		{EA3EF8B7-BD58-45B8-95D6-62F0A3A1FEE8}.Ad-Hoc|ARM.ActiveCfg = Release|Any CPU
		{EA3EF8B7-BD58-45B8-95D6-62F0A3A1FEE8}.Ad-Hoc|ARM.Build.0 = Release|Any CPU
		{EA3EF8B7-BD58-45B8-95D6-62F0A3A1FEE8}.Ad-Hoc|iPhone.ActiveCfg = Release|Any CPU
		{EA3EF8B7-BD58-45B8-95D6-62F0A3A1FEE8}.Ad-Hoc|iPhone.Build.0 = Release|Any CPU
		{EA3EF8B7-BD58-45B8-95D6-62F0A3A1FEE8}.Ad-Hoc|iPhoneSimulator.ActiveCfg = Release|Any CPU
		{EA3EF8B7-BD58-45B8-95D6-62F0A3A1FEE8}.Ad-Hoc|iPhoneSimulator.Build.0 = Release|Any CPU
		{EA3EF8B7-BD58-45B8-95D6-62F0A3A1FEE8}.Ad-Hoc|x64.ActiveCfg = Release|Any CPU
		{EA3EF8B7-BD58-45B8-95D6-62F0A3A1FEE8}.Ad-Hoc|x64.Build.0 = Release|Any CPU
		{EA3EF8B7-BD58-45B8-95D6-62F0A3A1FEE8}.Ad-Hoc|x86.ActiveCfg = Release|Any CPU
		{EA3EF8B7-BD58-45B8-95D6-62F0A3A1FEE8}.Ad-Hoc|x86.Build.0 = Release|Any CPU
		{EA3EF8B7-BD58-45B8-95D6-62F0A3A1FEE8}.AppStore|Any CPU.ActiveCfg = Release|Any CPU
		{EA3EF8B7-BD58-45B8-95D6-62F0A3A1FEE8}.AppStore|Any CPU.Build.0 = Release|Any CPU
		{EA3EF8B7-BD58-45B8-95D6-62F0A3A1FEE8}.AppStore|ARM.ActiveCfg = Release|Any CPU
		{EA3EF8B7-BD58-45B8-95D6-62F0A3A1FEE8}.AppStore|ARM.Build.0 = Release|Any CPU
		{EA3EF8B7-BD58-45B8-95D6-62F0A3A1FEE8}.AppStore|iPhone.ActiveCfg = Release|Any CPU
		{EA3EF8B7-BD58-45B8-95D6-62F0A3A1FEE8}.AppStore|iPhone.Build.0 = Release|Any CPU
		{EA3EF8B7-BD58-45B8-95D6-62F0A3A1FEE8}.AppStore|iPhoneSimulator.ActiveCfg = Release|Any CPU
		{EA3EF8B7-BD58-45B8-95D6-62F0A3A1FEE8}.AppStore|iPhoneSimulator.Build.0 = Release|Any CPU
		{EA3EF8B7-BD58-45B8-95D6-62F0A3A1FEE8}.AppStore|x64.ActiveCfg = Release|Any CPU
		{EA3EF8B7-BD58-45B8-95D6-62F0A3A1FEE8}.AppStore|x64.Build.0 = Release|Any CPU
		{EA3EF8B7-BD58-45B8-95D6-62F0A3A1FEE8}.AppStore|x86.ActiveCfg = Release|Any CPU
		{EA3EF8B7-BD58-45B8-95D6-62F0A3A1FEE8}.AppStore|x86.Build.0 = Release|Any CPU
		{EA3EF8B7-BD58-45B8-95D6-62F0A3A1FEE8}.Debug|Any CPU.ActiveCfg = Debug|Any CPU
		{EA3EF8B7-BD58-45B8-95D6-62F0A3A1FEE8}.Debug|Any CPU.Build.0 = Debug|Any CPU
		{EA3EF8B7-BD58-45B8-95D6-62F0A3A1FEE8}.Debug|ARM.ActiveCfg = Debug|Any CPU
		{EA3EF8B7-BD58-45B8-95D6-62F0A3A1FEE8}.Debug|ARM.Build.0 = Debug|Any CPU
		{EA3EF8B7-BD58-45B8-95D6-62F0A3A1FEE8}.Debug|iPhone.ActiveCfg = Debug|Any CPU
		{EA3EF8B7-BD58-45B8-95D6-62F0A3A1FEE8}.Debug|iPhone.Build.0 = Debug|Any CPU
		{EA3EF8B7-BD58-45B8-95D6-62F0A3A1FEE8}.Debug|iPhoneSimulator.ActiveCfg = Debug|Any CPU
		{EA3EF8B7-BD58-45B8-95D6-62F0A3A1FEE8}.Debug|iPhoneSimulator.Build.0 = Debug|Any CPU
		{EA3EF8B7-BD58-45B8-95D6-62F0A3A1FEE8}.Debug|x64.ActiveCfg = Debug|Any CPU
		{EA3EF8B7-BD58-45B8-95D6-62F0A3A1FEE8}.Debug|x64.Build.0 = Debug|Any CPU
		{EA3EF8B7-BD58-45B8-95D6-62F0A3A1FEE8}.Debug|x86.ActiveCfg = Debug|Any CPU
		{EA3EF8B7-BD58-45B8-95D6-62F0A3A1FEE8}.Debug|x86.Build.0 = Debug|Any CPU
		{EA3EF8B7-BD58-45B8-95D6-62F0A3A1FEE8}.Release|Any CPU.ActiveCfg = Release|Any CPU
		{EA3EF8B7-BD58-45B8-95D6-62F0A3A1FEE8}.Release|Any CPU.Build.0 = Release|Any CPU
		{EA3EF8B7-BD58-45B8-95D6-62F0A3A1FEE8}.Release|ARM.ActiveCfg = Release|Any CPU
		{EA3EF8B7-BD58-45B8-95D6-62F0A3A1FEE8}.Release|ARM.Build.0 = Release|Any CPU
		{EA3EF8B7-BD58-45B8-95D6-62F0A3A1FEE8}.Release|iPhone.ActiveCfg = Release|Any CPU
		{EA3EF8B7-BD58-45B8-95D6-62F0A3A1FEE8}.Release|iPhone.Build.0 = Release|Any CPU
		{EA3EF8B7-BD58-45B8-95D6-62F0A3A1FEE8}.Release|iPhoneSimulator.ActiveCfg = Release|Any CPU
		{EA3EF8B7-BD58-45B8-95D6-62F0A3A1FEE8}.Release|iPhoneSimulator.Build.0 = Release|Any CPU
		{EA3EF8B7-BD58-45B8-95D6-62F0A3A1FEE8}.Release|x64.ActiveCfg = Release|Any CPU
		{EA3EF8B7-BD58-45B8-95D6-62F0A3A1FEE8}.Release|x64.Build.0 = Release|Any CPU
		{EA3EF8B7-BD58-45B8-95D6-62F0A3A1FEE8}.Release|x86.ActiveCfg = Release|Any CPU
		{EA3EF8B7-BD58-45B8-95D6-62F0A3A1FEE8}.Release|x86.Build.0 = Release|Any CPU
		{14C578A3-3A7F-4017-AF70-1072E6911FC8}.Ad-Hoc|Any CPU.ActiveCfg = Release|Any CPU
		{14C578A3-3A7F-4017-AF70-1072E6911FC8}.Ad-Hoc|Any CPU.Build.0 = Release|Any CPU
		{14C578A3-3A7F-4017-AF70-1072E6911FC8}.Ad-Hoc|ARM.ActiveCfg = Release|Any CPU
		{14C578A3-3A7F-4017-AF70-1072E6911FC8}.Ad-Hoc|ARM.Build.0 = Release|Any CPU
		{14C578A3-3A7F-4017-AF70-1072E6911FC8}.Ad-Hoc|iPhone.ActiveCfg = Release|Any CPU
		{14C578A3-3A7F-4017-AF70-1072E6911FC8}.Ad-Hoc|iPhone.Build.0 = Release|Any CPU
		{14C578A3-3A7F-4017-AF70-1072E6911FC8}.Ad-Hoc|iPhoneSimulator.ActiveCfg = Release|Any CPU
		{14C578A3-3A7F-4017-AF70-1072E6911FC8}.Ad-Hoc|iPhoneSimulator.Build.0 = Release|Any CPU
		{14C578A3-3A7F-4017-AF70-1072E6911FC8}.Ad-Hoc|x64.ActiveCfg = Release|Any CPU
		{14C578A3-3A7F-4017-AF70-1072E6911FC8}.Ad-Hoc|x64.Build.0 = Release|Any CPU
		{14C578A3-3A7F-4017-AF70-1072E6911FC8}.Ad-Hoc|x86.ActiveCfg = Release|Any CPU
		{14C578A3-3A7F-4017-AF70-1072E6911FC8}.Ad-Hoc|x86.Build.0 = Release|Any CPU
		{14C578A3-3A7F-4017-AF70-1072E6911FC8}.AppStore|Any CPU.ActiveCfg = Release|Any CPU
		{14C578A3-3A7F-4017-AF70-1072E6911FC8}.AppStore|Any CPU.Build.0 = Release|Any CPU
		{14C578A3-3A7F-4017-AF70-1072E6911FC8}.AppStore|ARM.ActiveCfg = Release|Any CPU
		{14C578A3-3A7F-4017-AF70-1072E6911FC8}.AppStore|ARM.Build.0 = Release|Any CPU
		{14C578A3-3A7F-4017-AF70-1072E6911FC8}.AppStore|iPhone.ActiveCfg = Release|Any CPU
		{14C578A3-3A7F-4017-AF70-1072E6911FC8}.AppStore|iPhone.Build.0 = Release|Any CPU
		{14C578A3-3A7F-4017-AF70-1072E6911FC8}.AppStore|iPhoneSimulator.ActiveCfg = Release|Any CPU
		{14C578A3-3A7F-4017-AF70-1072E6911FC8}.AppStore|iPhoneSimulator.Build.0 = Release|Any CPU
		{14C578A3-3A7F-4017-AF70-1072E6911FC8}.AppStore|x64.ActiveCfg = Release|Any CPU
		{14C578A3-3A7F-4017-AF70-1072E6911FC8}.AppStore|x64.Build.0 = Release|Any CPU
		{14C578A3-3A7F-4017-AF70-1072E6911FC8}.AppStore|x86.ActiveCfg = Release|Any CPU
		{14C578A3-3A7F-4017-AF70-1072E6911FC8}.AppStore|x86.Build.0 = Release|Any CPU
		{14C578A3-3A7F-4017-AF70-1072E6911FC8}.Debug|Any CPU.ActiveCfg = Debug|Any CPU
		{14C578A3-3A7F-4017-AF70-1072E6911FC8}.Debug|Any CPU.Build.0 = Debug|Any CPU
		{14C578A3-3A7F-4017-AF70-1072E6911FC8}.Debug|ARM.ActiveCfg = Debug|Any CPU
		{14C578A3-3A7F-4017-AF70-1072E6911FC8}.Debug|ARM.Build.0 = Debug|Any CPU
		{14C578A3-3A7F-4017-AF70-1072E6911FC8}.Debug|iPhone.ActiveCfg = Debug|Any CPU
		{14C578A3-3A7F-4017-AF70-1072E6911FC8}.Debug|iPhone.Build.0 = Debug|Any CPU
		{14C578A3-3A7F-4017-AF70-1072E6911FC8}.Debug|iPhoneSimulator.ActiveCfg = Debug|Any CPU
		{14C578A3-3A7F-4017-AF70-1072E6911FC8}.Debug|iPhoneSimulator.Build.0 = Debug|Any CPU
		{14C578A3-3A7F-4017-AF70-1072E6911FC8}.Debug|x64.ActiveCfg = Debug|Any CPU
		{14C578A3-3A7F-4017-AF70-1072E6911FC8}.Debug|x64.Build.0 = Debug|Any CPU
		{14C578A3-3A7F-4017-AF70-1072E6911FC8}.Debug|x86.ActiveCfg = Debug|Any CPU
		{14C578A3-3A7F-4017-AF70-1072E6911FC8}.Debug|x86.Build.0 = Debug|Any CPU
		{14C578A3-3A7F-4017-AF70-1072E6911FC8}.Release|Any CPU.ActiveCfg = Release|Any CPU
		{14C578A3-3A7F-4017-AF70-1072E6911FC8}.Release|Any CPU.Build.0 = Release|Any CPU
		{14C578A3-3A7F-4017-AF70-1072E6911FC8}.Release|ARM.ActiveCfg = Release|Any CPU
		{14C578A3-3A7F-4017-AF70-1072E6911FC8}.Release|ARM.Build.0 = Release|Any CPU
		{14C578A3-3A7F-4017-AF70-1072E6911FC8}.Release|iPhone.ActiveCfg = Release|Any CPU
		{14C578A3-3A7F-4017-AF70-1072E6911FC8}.Release|iPhone.Build.0 = Release|Any CPU
		{14C578A3-3A7F-4017-AF70-1072E6911FC8}.Release|iPhoneSimulator.ActiveCfg = Release|Any CPU
		{14C578A3-3A7F-4017-AF70-1072E6911FC8}.Release|iPhoneSimulator.Build.0 = Release|Any CPU
		{14C578A3-3A7F-4017-AF70-1072E6911FC8}.Release|x64.ActiveCfg = Release|Any CPU
		{14C578A3-3A7F-4017-AF70-1072E6911FC8}.Release|x64.Build.0 = Release|Any CPU
		{14C578A3-3A7F-4017-AF70-1072E6911FC8}.Release|x86.ActiveCfg = Release|Any CPU
		{14C578A3-3A7F-4017-AF70-1072E6911FC8}.Release|x86.Build.0 = Release|Any CPU
		{CAA17F4A-2BDE-4337-BAB9-B41D3B7AA67B}.Ad-Hoc|Any CPU.ActiveCfg = Release|Any CPU
		{CAA17F4A-2BDE-4337-BAB9-B41D3B7AA67B}.Ad-Hoc|Any CPU.Build.0 = Release|Any CPU
		{CAA17F4A-2BDE-4337-BAB9-B41D3B7AA67B}.Ad-Hoc|ARM.ActiveCfg = Release|Any CPU
		{CAA17F4A-2BDE-4337-BAB9-B41D3B7AA67B}.Ad-Hoc|ARM.Build.0 = Release|Any CPU
		{CAA17F4A-2BDE-4337-BAB9-B41D3B7AA67B}.Ad-Hoc|iPhone.ActiveCfg = Release|Any CPU
		{CAA17F4A-2BDE-4337-BAB9-B41D3B7AA67B}.Ad-Hoc|iPhone.Build.0 = Release|Any CPU
		{CAA17F4A-2BDE-4337-BAB9-B41D3B7AA67B}.Ad-Hoc|iPhoneSimulator.ActiveCfg = Release|Any CPU
		{CAA17F4A-2BDE-4337-BAB9-B41D3B7AA67B}.Ad-Hoc|iPhoneSimulator.Build.0 = Release|Any CPU
		{CAA17F4A-2BDE-4337-BAB9-B41D3B7AA67B}.Ad-Hoc|x64.ActiveCfg = Release|Any CPU
		{CAA17F4A-2BDE-4337-BAB9-B41D3B7AA67B}.Ad-Hoc|x64.Build.0 = Release|Any CPU
		{CAA17F4A-2BDE-4337-BAB9-B41D3B7AA67B}.Ad-Hoc|x86.ActiveCfg = Release|Any CPU
		{CAA17F4A-2BDE-4337-BAB9-B41D3B7AA67B}.Ad-Hoc|x86.Build.0 = Release|Any CPU
		{CAA17F4A-2BDE-4337-BAB9-B41D3B7AA67B}.AppStore|Any CPU.ActiveCfg = Release|Any CPU
		{CAA17F4A-2BDE-4337-BAB9-B41D3B7AA67B}.AppStore|Any CPU.Build.0 = Release|Any CPU
		{CAA17F4A-2BDE-4337-BAB9-B41D3B7AA67B}.AppStore|ARM.ActiveCfg = Release|Any CPU
		{CAA17F4A-2BDE-4337-BAB9-B41D3B7AA67B}.AppStore|ARM.Build.0 = Release|Any CPU
		{CAA17F4A-2BDE-4337-BAB9-B41D3B7AA67B}.AppStore|iPhone.ActiveCfg = Release|Any CPU
		{CAA17F4A-2BDE-4337-BAB9-B41D3B7AA67B}.AppStore|iPhone.Build.0 = Release|Any CPU
		{CAA17F4A-2BDE-4337-BAB9-B41D3B7AA67B}.AppStore|iPhoneSimulator.ActiveCfg = Release|Any CPU
		{CAA17F4A-2BDE-4337-BAB9-B41D3B7AA67B}.AppStore|iPhoneSimulator.Build.0 = Release|Any CPU
		{CAA17F4A-2BDE-4337-BAB9-B41D3B7AA67B}.AppStore|x64.ActiveCfg = Release|Any CPU
		{CAA17F4A-2BDE-4337-BAB9-B41D3B7AA67B}.AppStore|x64.Build.0 = Release|Any CPU
		{CAA17F4A-2BDE-4337-BAB9-B41D3B7AA67B}.AppStore|x86.ActiveCfg = Release|Any CPU
		{CAA17F4A-2BDE-4337-BAB9-B41D3B7AA67B}.AppStore|x86.Build.0 = Release|Any CPU
		{CAA17F4A-2BDE-4337-BAB9-B41D3B7AA67B}.Debug|Any CPU.ActiveCfg = Debug|Any CPU
		{CAA17F4A-2BDE-4337-BAB9-B41D3B7AA67B}.Debug|Any CPU.Build.0 = Debug|Any CPU
		{CAA17F4A-2BDE-4337-BAB9-B41D3B7AA67B}.Debug|ARM.ActiveCfg = Debug|Any CPU
		{CAA17F4A-2BDE-4337-BAB9-B41D3B7AA67B}.Debug|ARM.Build.0 = Debug|Any CPU
		{CAA17F4A-2BDE-4337-BAB9-B41D3B7AA67B}.Debug|iPhone.ActiveCfg = Debug|Any CPU
		{CAA17F4A-2BDE-4337-BAB9-B41D3B7AA67B}.Debug|iPhone.Build.0 = Debug|Any CPU
		{CAA17F4A-2BDE-4337-BAB9-B41D3B7AA67B}.Debug|iPhoneSimulator.ActiveCfg = Debug|Any CPU
		{CAA17F4A-2BDE-4337-BAB9-B41D3B7AA67B}.Debug|iPhoneSimulator.Build.0 = Debug|Any CPU
		{CAA17F4A-2BDE-4337-BAB9-B41D3B7AA67B}.Debug|x64.ActiveCfg = Debug|Any CPU
		{CAA17F4A-2BDE-4337-BAB9-B41D3B7AA67B}.Debug|x64.Build.0 = Debug|Any CPU
		{CAA17F4A-2BDE-4337-BAB9-B41D3B7AA67B}.Debug|x86.ActiveCfg = Debug|Any CPU
		{CAA17F4A-2BDE-4337-BAB9-B41D3B7AA67B}.Debug|x86.Build.0 = Debug|Any CPU
		{CAA17F4A-2BDE-4337-BAB9-B41D3B7AA67B}.Release|Any CPU.ActiveCfg = Release|Any CPU
		{CAA17F4A-2BDE-4337-BAB9-B41D3B7AA67B}.Release|Any CPU.Build.0 = Release|Any CPU
		{CAA17F4A-2BDE-4337-BAB9-B41D3B7AA67B}.Release|ARM.ActiveCfg = Release|Any CPU
		{CAA17F4A-2BDE-4337-BAB9-B41D3B7AA67B}.Release|ARM.Build.0 = Release|Any CPU
		{CAA17F4A-2BDE-4337-BAB9-B41D3B7AA67B}.Release|iPhone.ActiveCfg = Release|Any CPU
		{CAA17F4A-2BDE-4337-BAB9-B41D3B7AA67B}.Release|iPhone.Build.0 = Release|Any CPU
		{CAA17F4A-2BDE-4337-BAB9-B41D3B7AA67B}.Release|iPhoneSimulator.ActiveCfg = Release|Any CPU
		{CAA17F4A-2BDE-4337-BAB9-B41D3B7AA67B}.Release|iPhoneSimulator.Build.0 = Release|Any CPU
		{CAA17F4A-2BDE-4337-BAB9-B41D3B7AA67B}.Release|x64.ActiveCfg = Release|Any CPU
		{CAA17F4A-2BDE-4337-BAB9-B41D3B7AA67B}.Release|x64.Build.0 = Release|Any CPU
		{CAA17F4A-2BDE-4337-BAB9-B41D3B7AA67B}.Release|x86.ActiveCfg = Release|Any CPU
		{CAA17F4A-2BDE-4337-BAB9-B41D3B7AA67B}.Release|x86.Build.0 = Release|Any CPU
		{3C6A95C4-9F8F-4A08-9DA9-DA30778ED155}.Ad-Hoc|Any CPU.ActiveCfg = Release|Any CPU
		{3C6A95C4-9F8F-4A08-9DA9-DA30778ED155}.Ad-Hoc|Any CPU.Build.0 = Release|Any CPU
		{3C6A95C4-9F8F-4A08-9DA9-DA30778ED155}.Ad-Hoc|ARM.ActiveCfg = Release|Any CPU
		{3C6A95C4-9F8F-4A08-9DA9-DA30778ED155}.Ad-Hoc|ARM.Build.0 = Release|Any CPU
		{3C6A95C4-9F8F-4A08-9DA9-DA30778ED155}.Ad-Hoc|iPhone.ActiveCfg = Release|Any CPU
		{3C6A95C4-9F8F-4A08-9DA9-DA30778ED155}.Ad-Hoc|iPhone.Build.0 = Release|Any CPU
		{3C6A95C4-9F8F-4A08-9DA9-DA30778ED155}.Ad-Hoc|iPhoneSimulator.ActiveCfg = Release|Any CPU
		{3C6A95C4-9F8F-4A08-9DA9-DA30778ED155}.Ad-Hoc|iPhoneSimulator.Build.0 = Release|Any CPU
		{3C6A95C4-9F8F-4A08-9DA9-DA30778ED155}.Ad-Hoc|x64.ActiveCfg = Release|Any CPU
		{3C6A95C4-9F8F-4A08-9DA9-DA30778ED155}.Ad-Hoc|x64.Build.0 = Release|Any CPU
		{3C6A95C4-9F8F-4A08-9DA9-DA30778ED155}.Ad-Hoc|x86.ActiveCfg = Release|Any CPU
		{3C6A95C4-9F8F-4A08-9DA9-DA30778ED155}.Ad-Hoc|x86.Build.0 = Release|Any CPU
		{3C6A95C4-9F8F-4A08-9DA9-DA30778ED155}.AppStore|Any CPU.ActiveCfg = Release|Any CPU
		{3C6A95C4-9F8F-4A08-9DA9-DA30778ED155}.AppStore|Any CPU.Build.0 = Release|Any CPU
		{3C6A95C4-9F8F-4A08-9DA9-DA30778ED155}.AppStore|ARM.ActiveCfg = Release|Any CPU
		{3C6A95C4-9F8F-4A08-9DA9-DA30778ED155}.AppStore|ARM.Build.0 = Release|Any CPU
		{3C6A95C4-9F8F-4A08-9DA9-DA30778ED155}.AppStore|iPhone.ActiveCfg = Release|Any CPU
		{3C6A95C4-9F8F-4A08-9DA9-DA30778ED155}.AppStore|iPhone.Build.0 = Release|Any CPU
		{3C6A95C4-9F8F-4A08-9DA9-DA30778ED155}.AppStore|iPhoneSimulator.ActiveCfg = Release|Any CPU
		{3C6A95C4-9F8F-4A08-9DA9-DA30778ED155}.AppStore|iPhoneSimulator.Build.0 = Release|Any CPU
		{3C6A95C4-9F8F-4A08-9DA9-DA30778ED155}.AppStore|x64.ActiveCfg = Release|Any CPU
		{3C6A95C4-9F8F-4A08-9DA9-DA30778ED155}.AppStore|x64.Build.0 = Release|Any CPU
		{3C6A95C4-9F8F-4A08-9DA9-DA30778ED155}.AppStore|x86.ActiveCfg = Release|Any CPU
		{3C6A95C4-9F8F-4A08-9DA9-DA30778ED155}.AppStore|x86.Build.0 = Release|Any CPU
		{3C6A95C4-9F8F-4A08-9DA9-DA30778ED155}.Debug|Any CPU.ActiveCfg = Debug|Any CPU
		{3C6A95C4-9F8F-4A08-9DA9-DA30778ED155}.Debug|Any CPU.Build.0 = Debug|Any CPU
		{3C6A95C4-9F8F-4A08-9DA9-DA30778ED155}.Debug|ARM.ActiveCfg = Debug|Any CPU
		{3C6A95C4-9F8F-4A08-9DA9-DA30778ED155}.Debug|ARM.Build.0 = Debug|Any CPU
		{3C6A95C4-9F8F-4A08-9DA9-DA30778ED155}.Debug|iPhone.ActiveCfg = Debug|Any CPU
		{3C6A95C4-9F8F-4A08-9DA9-DA30778ED155}.Debug|iPhone.Build.0 = Debug|Any CPU
		{3C6A95C4-9F8F-4A08-9DA9-DA30778ED155}.Debug|iPhoneSimulator.ActiveCfg = Debug|Any CPU
		{3C6A95C4-9F8F-4A08-9DA9-DA30778ED155}.Debug|iPhoneSimulator.Build.0 = Debug|Any CPU
		{3C6A95C4-9F8F-4A08-9DA9-DA30778ED155}.Debug|x64.ActiveCfg = Debug|Any CPU
		{3C6A95C4-9F8F-4A08-9DA9-DA30778ED155}.Debug|x64.Build.0 = Debug|Any CPU
		{3C6A95C4-9F8F-4A08-9DA9-DA30778ED155}.Debug|x86.ActiveCfg = Debug|Any CPU
		{3C6A95C4-9F8F-4A08-9DA9-DA30778ED155}.Debug|x86.Build.0 = Debug|Any CPU
		{3C6A95C4-9F8F-4A08-9DA9-DA30778ED155}.Release|Any CPU.ActiveCfg = Release|Any CPU
		{3C6A95C4-9F8F-4A08-9DA9-DA30778ED155}.Release|Any CPU.Build.0 = Release|Any CPU
		{3C6A95C4-9F8F-4A08-9DA9-DA30778ED155}.Release|ARM.ActiveCfg = Release|Any CPU
		{3C6A95C4-9F8F-4A08-9DA9-DA30778ED155}.Release|ARM.Build.0 = Release|Any CPU
		{3C6A95C4-9F8F-4A08-9DA9-DA30778ED155}.Release|iPhone.ActiveCfg = Release|Any CPU
		{3C6A95C4-9F8F-4A08-9DA9-DA30778ED155}.Release|iPhone.Build.0 = Release|Any CPU
		{3C6A95C4-9F8F-4A08-9DA9-DA30778ED155}.Release|iPhoneSimulator.ActiveCfg = Release|Any CPU
		{3C6A95C4-9F8F-4A08-9DA9-DA30778ED155}.Release|iPhoneSimulator.Build.0 = Release|Any CPU
		{3C6A95C4-9F8F-4A08-9DA9-DA30778ED155}.Release|x64.ActiveCfg = Release|Any CPU
		{3C6A95C4-9F8F-4A08-9DA9-DA30778ED155}.Release|x64.Build.0 = Release|Any CPU
		{3C6A95C4-9F8F-4A08-9DA9-DA30778ED155}.Release|x86.ActiveCfg = Release|Any CPU
		{3C6A95C4-9F8F-4A08-9DA9-DA30778ED155}.Release|x86.Build.0 = Release|Any CPU
		{9A90BEAD-F1F9-45E7-BFED-8FBB1353B70C}.Ad-Hoc|Any CPU.ActiveCfg = Release|Any CPU
		{9A90BEAD-F1F9-45E7-BFED-8FBB1353B70C}.Ad-Hoc|Any CPU.Build.0 = Release|Any CPU
		{9A90BEAD-F1F9-45E7-BFED-8FBB1353B70C}.Ad-Hoc|ARM.ActiveCfg = Release|Any CPU
		{9A90BEAD-F1F9-45E7-BFED-8FBB1353B70C}.Ad-Hoc|ARM.Build.0 = Release|Any CPU
		{9A90BEAD-F1F9-45E7-BFED-8FBB1353B70C}.Ad-Hoc|iPhone.ActiveCfg = Release|Any CPU
		{9A90BEAD-F1F9-45E7-BFED-8FBB1353B70C}.Ad-Hoc|iPhone.Build.0 = Release|Any CPU
		{9A90BEAD-F1F9-45E7-BFED-8FBB1353B70C}.Ad-Hoc|iPhoneSimulator.ActiveCfg = Release|Any CPU
		{9A90BEAD-F1F9-45E7-BFED-8FBB1353B70C}.Ad-Hoc|iPhoneSimulator.Build.0 = Release|Any CPU
		{9A90BEAD-F1F9-45E7-BFED-8FBB1353B70C}.Ad-Hoc|x64.ActiveCfg = Release|Any CPU
		{9A90BEAD-F1F9-45E7-BFED-8FBB1353B70C}.Ad-Hoc|x64.Build.0 = Release|Any CPU
		{9A90BEAD-F1F9-45E7-BFED-8FBB1353B70C}.Ad-Hoc|x86.ActiveCfg = Release|Any CPU
		{9A90BEAD-F1F9-45E7-BFED-8FBB1353B70C}.Ad-Hoc|x86.Build.0 = Release|Any CPU
		{9A90BEAD-F1F9-45E7-BFED-8FBB1353B70C}.AppStore|Any CPU.ActiveCfg = Release|Any CPU
		{9A90BEAD-F1F9-45E7-BFED-8FBB1353B70C}.AppStore|Any CPU.Build.0 = Release|Any CPU
		{9A90BEAD-F1F9-45E7-BFED-8FBB1353B70C}.AppStore|ARM.ActiveCfg = Release|Any CPU
		{9A90BEAD-F1F9-45E7-BFED-8FBB1353B70C}.AppStore|ARM.Build.0 = Release|Any CPU
		{9A90BEAD-F1F9-45E7-BFED-8FBB1353B70C}.AppStore|iPhone.ActiveCfg = Release|Any CPU
		{9A90BEAD-F1F9-45E7-BFED-8FBB1353B70C}.AppStore|iPhone.Build.0 = Release|Any CPU
		{9A90BEAD-F1F9-45E7-BFED-8FBB1353B70C}.AppStore|iPhoneSimulator.ActiveCfg = Release|Any CPU
		{9A90BEAD-F1F9-45E7-BFED-8FBB1353B70C}.AppStore|iPhoneSimulator.Build.0 = Release|Any CPU
		{9A90BEAD-F1F9-45E7-BFED-8FBB1353B70C}.AppStore|x64.ActiveCfg = Release|Any CPU
		{9A90BEAD-F1F9-45E7-BFED-8FBB1353B70C}.AppStore|x64.Build.0 = Release|Any CPU
		{9A90BEAD-F1F9-45E7-BFED-8FBB1353B70C}.AppStore|x86.ActiveCfg = Release|Any CPU
		{9A90BEAD-F1F9-45E7-BFED-8FBB1353B70C}.AppStore|x86.Build.0 = Release|Any CPU
		{9A90BEAD-F1F9-45E7-BFED-8FBB1353B70C}.Debug|Any CPU.ActiveCfg = Debug|Any CPU
		{9A90BEAD-F1F9-45E7-BFED-8FBB1353B70C}.Debug|Any CPU.Build.0 = Debug|Any CPU
		{9A90BEAD-F1F9-45E7-BFED-8FBB1353B70C}.Debug|ARM.ActiveCfg = Debug|Any CPU
		{9A90BEAD-F1F9-45E7-BFED-8FBB1353B70C}.Debug|ARM.Build.0 = Debug|Any CPU
		{9A90BEAD-F1F9-45E7-BFED-8FBB1353B70C}.Debug|iPhone.ActiveCfg = Debug|Any CPU
		{9A90BEAD-F1F9-45E7-BFED-8FBB1353B70C}.Debug|iPhone.Build.0 = Debug|Any CPU
		{9A90BEAD-F1F9-45E7-BFED-8FBB1353B70C}.Debug|iPhoneSimulator.ActiveCfg = Debug|Any CPU
		{9A90BEAD-F1F9-45E7-BFED-8FBB1353B70C}.Debug|iPhoneSimulator.Build.0 = Debug|Any CPU
		{9A90BEAD-F1F9-45E7-BFED-8FBB1353B70C}.Debug|x64.ActiveCfg = Debug|Any CPU
		{9A90BEAD-F1F9-45E7-BFED-8FBB1353B70C}.Debug|x64.Build.0 = Debug|Any CPU
		{9A90BEAD-F1F9-45E7-BFED-8FBB1353B70C}.Debug|x86.ActiveCfg = Debug|Any CPU
		{9A90BEAD-F1F9-45E7-BFED-8FBB1353B70C}.Debug|x86.Build.0 = Debug|Any CPU
		{9A90BEAD-F1F9-45E7-BFED-8FBB1353B70C}.Release|Any CPU.ActiveCfg = Release|Any CPU
		{9A90BEAD-F1F9-45E7-BFED-8FBB1353B70C}.Release|Any CPU.Build.0 = Release|Any CPU
		{9A90BEAD-F1F9-45E7-BFED-8FBB1353B70C}.Release|ARM.ActiveCfg = Release|Any CPU
		{9A90BEAD-F1F9-45E7-BFED-8FBB1353B70C}.Release|ARM.Build.0 = Release|Any CPU
		{9A90BEAD-F1F9-45E7-BFED-8FBB1353B70C}.Release|iPhone.ActiveCfg = Release|Any CPU
		{9A90BEAD-F1F9-45E7-BFED-8FBB1353B70C}.Release|iPhone.Build.0 = Release|Any CPU
		{9A90BEAD-F1F9-45E7-BFED-8FBB1353B70C}.Release|iPhoneSimulator.ActiveCfg = Release|Any CPU
		{9A90BEAD-F1F9-45E7-BFED-8FBB1353B70C}.Release|iPhoneSimulator.Build.0 = Release|Any CPU
		{9A90BEAD-F1F9-45E7-BFED-8FBB1353B70C}.Release|x64.ActiveCfg = Release|Any CPU
		{9A90BEAD-F1F9-45E7-BFED-8FBB1353B70C}.Release|x64.Build.0 = Release|Any CPU
		{9A90BEAD-F1F9-45E7-BFED-8FBB1353B70C}.Release|x86.ActiveCfg = Release|Any CPU
		{9A90BEAD-F1F9-45E7-BFED-8FBB1353B70C}.Release|x86.Build.0 = Release|Any CPU
		{877B8AAE-F458-458A-AF40-818723D84998}.Ad-Hoc|Any CPU.ActiveCfg = Release|Any CPU
		{877B8AAE-F458-458A-AF40-818723D84998}.Ad-Hoc|Any CPU.Build.0 = Release|Any CPU
		{877B8AAE-F458-458A-AF40-818723D84998}.Ad-Hoc|ARM.ActiveCfg = Release|Any CPU
		{877B8AAE-F458-458A-AF40-818723D84998}.Ad-Hoc|ARM.Build.0 = Release|Any CPU
		{877B8AAE-F458-458A-AF40-818723D84998}.Ad-Hoc|iPhone.ActiveCfg = Release|Any CPU
		{877B8AAE-F458-458A-AF40-818723D84998}.Ad-Hoc|iPhone.Build.0 = Release|Any CPU
		{877B8AAE-F458-458A-AF40-818723D84998}.Ad-Hoc|iPhoneSimulator.ActiveCfg = Release|Any CPU
		{877B8AAE-F458-458A-AF40-818723D84998}.Ad-Hoc|iPhoneSimulator.Build.0 = Release|Any CPU
		{877B8AAE-F458-458A-AF40-818723D84998}.Ad-Hoc|x64.ActiveCfg = Release|Any CPU
		{877B8AAE-F458-458A-AF40-818723D84998}.Ad-Hoc|x64.Build.0 = Release|Any CPU
		{877B8AAE-F458-458A-AF40-818723D84998}.Ad-Hoc|x86.ActiveCfg = Release|Any CPU
		{877B8AAE-F458-458A-AF40-818723D84998}.Ad-Hoc|x86.Build.0 = Release|Any CPU
		{877B8AAE-F458-458A-AF40-818723D84998}.AppStore|Any CPU.ActiveCfg = Release|Any CPU
		{877B8AAE-F458-458A-AF40-818723D84998}.AppStore|Any CPU.Build.0 = Release|Any CPU
		{877B8AAE-F458-458A-AF40-818723D84998}.AppStore|ARM.ActiveCfg = Release|Any CPU
		{877B8AAE-F458-458A-AF40-818723D84998}.AppStore|ARM.Build.0 = Release|Any CPU
		{877B8AAE-F458-458A-AF40-818723D84998}.AppStore|iPhone.ActiveCfg = Release|Any CPU
		{877B8AAE-F458-458A-AF40-818723D84998}.AppStore|iPhone.Build.0 = Release|Any CPU
		{877B8AAE-F458-458A-AF40-818723D84998}.AppStore|iPhoneSimulator.ActiveCfg = Release|Any CPU
		{877B8AAE-F458-458A-AF40-818723D84998}.AppStore|iPhoneSimulator.Build.0 = Release|Any CPU
		{877B8AAE-F458-458A-AF40-818723D84998}.AppStore|x64.ActiveCfg = Release|Any CPU
		{877B8AAE-F458-458A-AF40-818723D84998}.AppStore|x64.Build.0 = Release|Any CPU
		{877B8AAE-F458-458A-AF40-818723D84998}.AppStore|x86.ActiveCfg = Release|Any CPU
		{877B8AAE-F458-458A-AF40-818723D84998}.AppStore|x86.Build.0 = Release|Any CPU
		{877B8AAE-F458-458A-AF40-818723D84998}.Debug|Any CPU.ActiveCfg = Debug|Any CPU
		{877B8AAE-F458-458A-AF40-818723D84998}.Debug|Any CPU.Build.0 = Debug|Any CPU
		{877B8AAE-F458-458A-AF40-818723D84998}.Debug|ARM.ActiveCfg = Debug|Any CPU
		{877B8AAE-F458-458A-AF40-818723D84998}.Debug|ARM.Build.0 = Debug|Any CPU
		{877B8AAE-F458-458A-AF40-818723D84998}.Debug|iPhone.ActiveCfg = Debug|Any CPU
		{877B8AAE-F458-458A-AF40-818723D84998}.Debug|iPhone.Build.0 = Debug|Any CPU
		{877B8AAE-F458-458A-AF40-818723D84998}.Debug|iPhoneSimulator.ActiveCfg = Debug|Any CPU
		{877B8AAE-F458-458A-AF40-818723D84998}.Debug|iPhoneSimulator.Build.0 = Debug|Any CPU
		{877B8AAE-F458-458A-AF40-818723D84998}.Debug|x64.ActiveCfg = Debug|Any CPU
		{877B8AAE-F458-458A-AF40-818723D84998}.Debug|x64.Build.0 = Debug|Any CPU
		{877B8AAE-F458-458A-AF40-818723D84998}.Debug|x86.ActiveCfg = Debug|Any CPU
		{877B8AAE-F458-458A-AF40-818723D84998}.Debug|x86.Build.0 = Debug|Any CPU
		{877B8AAE-F458-458A-AF40-818723D84998}.Release|Any CPU.ActiveCfg = Release|Any CPU
		{877B8AAE-F458-458A-AF40-818723D84998}.Release|Any CPU.Build.0 = Release|Any CPU
		{877B8AAE-F458-458A-AF40-818723D84998}.Release|ARM.ActiveCfg = Release|Any CPU
		{877B8AAE-F458-458A-AF40-818723D84998}.Release|ARM.Build.0 = Release|Any CPU
		{877B8AAE-F458-458A-AF40-818723D84998}.Release|iPhone.ActiveCfg = Release|Any CPU
		{877B8AAE-F458-458A-AF40-818723D84998}.Release|iPhone.Build.0 = Release|Any CPU
		{877B8AAE-F458-458A-AF40-818723D84998}.Release|iPhoneSimulator.ActiveCfg = Release|Any CPU
		{877B8AAE-F458-458A-AF40-818723D84998}.Release|iPhoneSimulator.Build.0 = Release|Any CPU
		{877B8AAE-F458-458A-AF40-818723D84998}.Release|x64.ActiveCfg = Release|Any CPU
		{877B8AAE-F458-458A-AF40-818723D84998}.Release|x64.Build.0 = Release|Any CPU
		{877B8AAE-F458-458A-AF40-818723D84998}.Release|x86.ActiveCfg = Release|Any CPU
		{877B8AAE-F458-458A-AF40-818723D84998}.Release|x86.Build.0 = Release|Any CPU
		{93A053F9-9285-4D45-8C6C-318A00CDEEAE}.Ad-Hoc|Any CPU.ActiveCfg = Release|Any CPU
		{93A053F9-9285-4D45-8C6C-318A00CDEEAE}.Ad-Hoc|Any CPU.Build.0 = Release|Any CPU
		{93A053F9-9285-4D45-8C6C-318A00CDEEAE}.Ad-Hoc|ARM.ActiveCfg = Release|Any CPU
		{93A053F9-9285-4D45-8C6C-318A00CDEEAE}.Ad-Hoc|ARM.Build.0 = Release|Any CPU
		{93A053F9-9285-4D45-8C6C-318A00CDEEAE}.Ad-Hoc|iPhone.ActiveCfg = Release|Any CPU
		{93A053F9-9285-4D45-8C6C-318A00CDEEAE}.Ad-Hoc|iPhone.Build.0 = Release|Any CPU
		{93A053F9-9285-4D45-8C6C-318A00CDEEAE}.Ad-Hoc|iPhoneSimulator.ActiveCfg = Release|Any CPU
		{93A053F9-9285-4D45-8C6C-318A00CDEEAE}.Ad-Hoc|iPhoneSimulator.Build.0 = Release|Any CPU
		{93A053F9-9285-4D45-8C6C-318A00CDEEAE}.Ad-Hoc|x64.ActiveCfg = Release|Any CPU
		{93A053F9-9285-4D45-8C6C-318A00CDEEAE}.Ad-Hoc|x64.Build.0 = Release|Any CPU
		{93A053F9-9285-4D45-8C6C-318A00CDEEAE}.Ad-Hoc|x86.ActiveCfg = Release|Any CPU
		{93A053F9-9285-4D45-8C6C-318A00CDEEAE}.Ad-Hoc|x86.Build.0 = Release|Any CPU
		{93A053F9-9285-4D45-8C6C-318A00CDEEAE}.AppStore|Any CPU.ActiveCfg = Release|Any CPU
		{93A053F9-9285-4D45-8C6C-318A00CDEEAE}.AppStore|Any CPU.Build.0 = Release|Any CPU
		{93A053F9-9285-4D45-8C6C-318A00CDEEAE}.AppStore|ARM.ActiveCfg = Release|Any CPU
		{93A053F9-9285-4D45-8C6C-318A00CDEEAE}.AppStore|ARM.Build.0 = Release|Any CPU
		{93A053F9-9285-4D45-8C6C-318A00CDEEAE}.AppStore|iPhone.ActiveCfg = Release|Any CPU
		{93A053F9-9285-4D45-8C6C-318A00CDEEAE}.AppStore|iPhone.Build.0 = Release|Any CPU
		{93A053F9-9285-4D45-8C6C-318A00CDEEAE}.AppStore|iPhoneSimulator.ActiveCfg = Release|Any CPU
		{93A053F9-9285-4D45-8C6C-318A00CDEEAE}.AppStore|iPhoneSimulator.Build.0 = Release|Any CPU
		{93A053F9-9285-4D45-8C6C-318A00CDEEAE}.AppStore|x64.ActiveCfg = Release|Any CPU
		{93A053F9-9285-4D45-8C6C-318A00CDEEAE}.AppStore|x64.Build.0 = Release|Any CPU
		{93A053F9-9285-4D45-8C6C-318A00CDEEAE}.AppStore|x86.ActiveCfg = Release|Any CPU
		{93A053F9-9285-4D45-8C6C-318A00CDEEAE}.AppStore|x86.Build.0 = Release|Any CPU
		{93A053F9-9285-4D45-8C6C-318A00CDEEAE}.Debug|Any CPU.ActiveCfg = Debug|Any CPU
		{93A053F9-9285-4D45-8C6C-318A00CDEEAE}.Debug|Any CPU.Build.0 = Debug|Any CPU
		{93A053F9-9285-4D45-8C6C-318A00CDEEAE}.Debug|ARM.ActiveCfg = Debug|Any CPU
		{93A053F9-9285-4D45-8C6C-318A00CDEEAE}.Debug|ARM.Build.0 = Debug|Any CPU
		{93A053F9-9285-4D45-8C6C-318A00CDEEAE}.Debug|iPhone.ActiveCfg = Debug|Any CPU
		{93A053F9-9285-4D45-8C6C-318A00CDEEAE}.Debug|iPhone.Build.0 = Debug|Any CPU
		{93A053F9-9285-4D45-8C6C-318A00CDEEAE}.Debug|iPhoneSimulator.ActiveCfg = Debug|Any CPU
		{93A053F9-9285-4D45-8C6C-318A00CDEEAE}.Debug|iPhoneSimulator.Build.0 = Debug|Any CPU
		{93A053F9-9285-4D45-8C6C-318A00CDEEAE}.Debug|x64.ActiveCfg = Debug|Any CPU
		{93A053F9-9285-4D45-8C6C-318A00CDEEAE}.Debug|x64.Build.0 = Debug|Any CPU
		{93A053F9-9285-4D45-8C6C-318A00CDEEAE}.Debug|x86.ActiveCfg = Debug|Any CPU
		{93A053F9-9285-4D45-8C6C-318A00CDEEAE}.Debug|x86.Build.0 = Debug|Any CPU
		{93A053F9-9285-4D45-8C6C-318A00CDEEAE}.Release|Any CPU.ActiveCfg = Release|Any CPU
		{93A053F9-9285-4D45-8C6C-318A00CDEEAE}.Release|Any CPU.Build.0 = Release|Any CPU
		{93A053F9-9285-4D45-8C6C-318A00CDEEAE}.Release|ARM.ActiveCfg = Release|Any CPU
		{93A053F9-9285-4D45-8C6C-318A00CDEEAE}.Release|ARM.Build.0 = Release|Any CPU
		{93A053F9-9285-4D45-8C6C-318A00CDEEAE}.Release|iPhone.ActiveCfg = Release|Any CPU
		{93A053F9-9285-4D45-8C6C-318A00CDEEAE}.Release|iPhone.Build.0 = Release|Any CPU
		{93A053F9-9285-4D45-8C6C-318A00CDEEAE}.Release|iPhoneSimulator.ActiveCfg = Release|Any CPU
		{93A053F9-9285-4D45-8C6C-318A00CDEEAE}.Release|iPhoneSimulator.Build.0 = Release|Any CPU
		{93A053F9-9285-4D45-8C6C-318A00CDEEAE}.Release|x64.ActiveCfg = Release|Any CPU
		{93A053F9-9285-4D45-8C6C-318A00CDEEAE}.Release|x64.Build.0 = Release|Any CPU
		{93A053F9-9285-4D45-8C6C-318A00CDEEAE}.Release|x86.ActiveCfg = Release|Any CPU
		{93A053F9-9285-4D45-8C6C-318A00CDEEAE}.Release|x86.Build.0 = Release|Any CPU
		{FC891FAE-5DE7-449C-BF95-8A79D6913E68}.Ad-Hoc|Any CPU.ActiveCfg = Release|Any CPU
		{FC891FAE-5DE7-449C-BF95-8A79D6913E68}.Ad-Hoc|Any CPU.Build.0 = Release|Any CPU
		{FC891FAE-5DE7-449C-BF95-8A79D6913E68}.Ad-Hoc|ARM.ActiveCfg = Release|Any CPU
		{FC891FAE-5DE7-449C-BF95-8A79D6913E68}.Ad-Hoc|ARM.Build.0 = Release|Any CPU
		{FC891FAE-5DE7-449C-BF95-8A79D6913E68}.Ad-Hoc|iPhone.ActiveCfg = Release|Any CPU
		{FC891FAE-5DE7-449C-BF95-8A79D6913E68}.Ad-Hoc|iPhone.Build.0 = Release|Any CPU
		{FC891FAE-5DE7-449C-BF95-8A79D6913E68}.Ad-Hoc|iPhoneSimulator.ActiveCfg = Release|Any CPU
		{FC891FAE-5DE7-449C-BF95-8A79D6913E68}.Ad-Hoc|iPhoneSimulator.Build.0 = Release|Any CPU
		{FC891FAE-5DE7-449C-BF95-8A79D6913E68}.Ad-Hoc|x64.ActiveCfg = Release|Any CPU
		{FC891FAE-5DE7-449C-BF95-8A79D6913E68}.Ad-Hoc|x64.Build.0 = Release|Any CPU
		{FC891FAE-5DE7-449C-BF95-8A79D6913E68}.Ad-Hoc|x86.ActiveCfg = Release|Any CPU
		{FC891FAE-5DE7-449C-BF95-8A79D6913E68}.Ad-Hoc|x86.Build.0 = Release|Any CPU
		{FC891FAE-5DE7-449C-BF95-8A79D6913E68}.AppStore|Any CPU.ActiveCfg = Release|Any CPU
		{FC891FAE-5DE7-449C-BF95-8A79D6913E68}.AppStore|Any CPU.Build.0 = Release|Any CPU
		{FC891FAE-5DE7-449C-BF95-8A79D6913E68}.AppStore|ARM.ActiveCfg = Release|Any CPU
		{FC891FAE-5DE7-449C-BF95-8A79D6913E68}.AppStore|ARM.Build.0 = Release|Any CPU
		{FC891FAE-5DE7-449C-BF95-8A79D6913E68}.AppStore|iPhone.ActiveCfg = Release|Any CPU
		{FC891FAE-5DE7-449C-BF95-8A79D6913E68}.AppStore|iPhone.Build.0 = Release|Any CPU
		{FC891FAE-5DE7-449C-BF95-8A79D6913E68}.AppStore|iPhoneSimulator.ActiveCfg = Release|Any CPU
		{FC891FAE-5DE7-449C-BF95-8A79D6913E68}.AppStore|iPhoneSimulator.Build.0 = Release|Any CPU
		{FC891FAE-5DE7-449C-BF95-8A79D6913E68}.AppStore|x64.ActiveCfg = Release|Any CPU
		{FC891FAE-5DE7-449C-BF95-8A79D6913E68}.AppStore|x64.Build.0 = Release|Any CPU
		{FC891FAE-5DE7-449C-BF95-8A79D6913E68}.AppStore|x86.ActiveCfg = Release|Any CPU
		{FC891FAE-5DE7-449C-BF95-8A79D6913E68}.AppStore|x86.Build.0 = Release|Any CPU
		{FC891FAE-5DE7-449C-BF95-8A79D6913E68}.Debug|Any CPU.ActiveCfg = Debug|Any CPU
		{FC891FAE-5DE7-449C-BF95-8A79D6913E68}.Debug|Any CPU.Build.0 = Debug|Any CPU
		{FC891FAE-5DE7-449C-BF95-8A79D6913E68}.Debug|ARM.ActiveCfg = Debug|Any CPU
		{FC891FAE-5DE7-449C-BF95-8A79D6913E68}.Debug|ARM.Build.0 = Debug|Any CPU
		{FC891FAE-5DE7-449C-BF95-8A79D6913E68}.Debug|iPhone.ActiveCfg = Debug|Any CPU
		{FC891FAE-5DE7-449C-BF95-8A79D6913E68}.Debug|iPhone.Build.0 = Debug|Any CPU
		{FC891FAE-5DE7-449C-BF95-8A79D6913E68}.Debug|iPhoneSimulator.ActiveCfg = Debug|Any CPU
		{FC891FAE-5DE7-449C-BF95-8A79D6913E68}.Debug|iPhoneSimulator.Build.0 = Debug|Any CPU
		{FC891FAE-5DE7-449C-BF95-8A79D6913E68}.Debug|x64.ActiveCfg = Debug|Any CPU
		{FC891FAE-5DE7-449C-BF95-8A79D6913E68}.Debug|x64.Build.0 = Debug|Any CPU
		{FC891FAE-5DE7-449C-BF95-8A79D6913E68}.Debug|x86.ActiveCfg = Debug|Any CPU
		{FC891FAE-5DE7-449C-BF95-8A79D6913E68}.Debug|x86.Build.0 = Debug|Any CPU
		{FC891FAE-5DE7-449C-BF95-8A79D6913E68}.Release|Any CPU.ActiveCfg = Release|Any CPU
		{FC891FAE-5DE7-449C-BF95-8A79D6913E68}.Release|Any CPU.Build.0 = Release|Any CPU
		{FC891FAE-5DE7-449C-BF95-8A79D6913E68}.Release|ARM.ActiveCfg = Release|Any CPU
		{FC891FAE-5DE7-449C-BF95-8A79D6913E68}.Release|ARM.Build.0 = Release|Any CPU
		{FC891FAE-5DE7-449C-BF95-8A79D6913E68}.Release|iPhone.ActiveCfg = Release|Any CPU
		{FC891FAE-5DE7-449C-BF95-8A79D6913E68}.Release|iPhone.Build.0 = Release|Any CPU
		{FC891FAE-5DE7-449C-BF95-8A79D6913E68}.Release|iPhoneSimulator.ActiveCfg = Release|Any CPU
		{FC891FAE-5DE7-449C-BF95-8A79D6913E68}.Release|iPhoneSimulator.Build.0 = Release|Any CPU
		{FC891FAE-5DE7-449C-BF95-8A79D6913E68}.Release|x64.ActiveCfg = Release|Any CPU
		{FC891FAE-5DE7-449C-BF95-8A79D6913E68}.Release|x64.Build.0 = Release|Any CPU
		{FC891FAE-5DE7-449C-BF95-8A79D6913E68}.Release|x86.ActiveCfg = Release|Any CPU
		{FC891FAE-5DE7-449C-BF95-8A79D6913E68}.Release|x86.Build.0 = Release|Any CPU
		{A37DB1DF-30DF-4C12-95F1-76880D00572D}.Ad-Hoc|Any CPU.ActiveCfg = Release|Any CPU
		{A37DB1DF-30DF-4C12-95F1-76880D00572D}.Ad-Hoc|Any CPU.Build.0 = Release|Any CPU
		{A37DB1DF-30DF-4C12-95F1-76880D00572D}.Ad-Hoc|ARM.ActiveCfg = Release|Any CPU
		{A37DB1DF-30DF-4C12-95F1-76880D00572D}.Ad-Hoc|ARM.Build.0 = Release|Any CPU
		{A37DB1DF-30DF-4C12-95F1-76880D00572D}.Ad-Hoc|iPhone.ActiveCfg = Release|Any CPU
		{A37DB1DF-30DF-4C12-95F1-76880D00572D}.Ad-Hoc|iPhone.Build.0 = Release|Any CPU
		{A37DB1DF-30DF-4C12-95F1-76880D00572D}.Ad-Hoc|iPhoneSimulator.ActiveCfg = Release|Any CPU
		{A37DB1DF-30DF-4C12-95F1-76880D00572D}.Ad-Hoc|iPhoneSimulator.Build.0 = Release|Any CPU
		{A37DB1DF-30DF-4C12-95F1-76880D00572D}.Ad-Hoc|x64.ActiveCfg = Release|Any CPU
		{A37DB1DF-30DF-4C12-95F1-76880D00572D}.Ad-Hoc|x64.Build.0 = Release|Any CPU
		{A37DB1DF-30DF-4C12-95F1-76880D00572D}.Ad-Hoc|x86.ActiveCfg = Release|Any CPU
		{A37DB1DF-30DF-4C12-95F1-76880D00572D}.Ad-Hoc|x86.Build.0 = Release|Any CPU
		{A37DB1DF-30DF-4C12-95F1-76880D00572D}.AppStore|Any CPU.ActiveCfg = Release|Any CPU
		{A37DB1DF-30DF-4C12-95F1-76880D00572D}.AppStore|Any CPU.Build.0 = Release|Any CPU
		{A37DB1DF-30DF-4C12-95F1-76880D00572D}.AppStore|ARM.ActiveCfg = Release|Any CPU
		{A37DB1DF-30DF-4C12-95F1-76880D00572D}.AppStore|ARM.Build.0 = Release|Any CPU
		{A37DB1DF-30DF-4C12-95F1-76880D00572D}.AppStore|iPhone.ActiveCfg = Release|Any CPU
		{A37DB1DF-30DF-4C12-95F1-76880D00572D}.AppStore|iPhone.Build.0 = Release|Any CPU
		{A37DB1DF-30DF-4C12-95F1-76880D00572D}.AppStore|iPhoneSimulator.ActiveCfg = Release|Any CPU
		{A37DB1DF-30DF-4C12-95F1-76880D00572D}.AppStore|iPhoneSimulator.Build.0 = Release|Any CPU
		{A37DB1DF-30DF-4C12-95F1-76880D00572D}.AppStore|x64.ActiveCfg = Release|Any CPU
		{A37DB1DF-30DF-4C12-95F1-76880D00572D}.AppStore|x64.Build.0 = Release|Any CPU
		{A37DB1DF-30DF-4C12-95F1-76880D00572D}.AppStore|x86.ActiveCfg = Release|Any CPU
		{A37DB1DF-30DF-4C12-95F1-76880D00572D}.AppStore|x86.Build.0 = Release|Any CPU
		{A37DB1DF-30DF-4C12-95F1-76880D00572D}.Debug|Any CPU.ActiveCfg = Debug|Any CPU
		{A37DB1DF-30DF-4C12-95F1-76880D00572D}.Debug|Any CPU.Build.0 = Debug|Any CPU
		{A37DB1DF-30DF-4C12-95F1-76880D00572D}.Debug|ARM.ActiveCfg = Debug|Any CPU
		{A37DB1DF-30DF-4C12-95F1-76880D00572D}.Debug|ARM.Build.0 = Debug|Any CPU
		{A37DB1DF-30DF-4C12-95F1-76880D00572D}.Debug|iPhone.ActiveCfg = Debug|Any CPU
		{A37DB1DF-30DF-4C12-95F1-76880D00572D}.Debug|iPhone.Build.0 = Debug|Any CPU
		{A37DB1DF-30DF-4C12-95F1-76880D00572D}.Debug|iPhoneSimulator.ActiveCfg = Debug|Any CPU
		{A37DB1DF-30DF-4C12-95F1-76880D00572D}.Debug|iPhoneSimulator.Build.0 = Debug|Any CPU
		{A37DB1DF-30DF-4C12-95F1-76880D00572D}.Debug|x64.ActiveCfg = Debug|Any CPU
		{A37DB1DF-30DF-4C12-95F1-76880D00572D}.Debug|x64.Build.0 = Debug|Any CPU
		{A37DB1DF-30DF-4C12-95F1-76880D00572D}.Debug|x86.ActiveCfg = Debug|Any CPU
		{A37DB1DF-30DF-4C12-95F1-76880D00572D}.Debug|x86.Build.0 = Debug|Any CPU
		{A37DB1DF-30DF-4C12-95F1-76880D00572D}.Release|Any CPU.ActiveCfg = Release|Any CPU
		{A37DB1DF-30DF-4C12-95F1-76880D00572D}.Release|Any CPU.Build.0 = Release|Any CPU
		{A37DB1DF-30DF-4C12-95F1-76880D00572D}.Release|ARM.ActiveCfg = Release|Any CPU
		{A37DB1DF-30DF-4C12-95F1-76880D00572D}.Release|ARM.Build.0 = Release|Any CPU
		{A37DB1DF-30DF-4C12-95F1-76880D00572D}.Release|iPhone.ActiveCfg = Release|Any CPU
		{A37DB1DF-30DF-4C12-95F1-76880D00572D}.Release|iPhone.Build.0 = Release|Any CPU
		{A37DB1DF-30DF-4C12-95F1-76880D00572D}.Release|iPhoneSimulator.ActiveCfg = Release|Any CPU
		{A37DB1DF-30DF-4C12-95F1-76880D00572D}.Release|iPhoneSimulator.Build.0 = Release|Any CPU
		{A37DB1DF-30DF-4C12-95F1-76880D00572D}.Release|x64.ActiveCfg = Release|Any CPU
		{A37DB1DF-30DF-4C12-95F1-76880D00572D}.Release|x64.Build.0 = Release|Any CPU
		{A37DB1DF-30DF-4C12-95F1-76880D00572D}.Release|x86.ActiveCfg = Release|Any CPU
		{A37DB1DF-30DF-4C12-95F1-76880D00572D}.Release|x86.Build.0 = Release|Any CPU
		{6903CCB7-2C4D-456A-ADC2-F2452493DC6B}.Ad-Hoc|Any CPU.ActiveCfg = Release|Any CPU
		{6903CCB7-2C4D-456A-ADC2-F2452493DC6B}.Ad-Hoc|Any CPU.Build.0 = Release|Any CPU
		{6903CCB7-2C4D-456A-ADC2-F2452493DC6B}.Ad-Hoc|ARM.ActiveCfg = Release|Any CPU
		{6903CCB7-2C4D-456A-ADC2-F2452493DC6B}.Ad-Hoc|ARM.Build.0 = Release|Any CPU
		{6903CCB7-2C4D-456A-ADC2-F2452493DC6B}.Ad-Hoc|iPhone.ActiveCfg = Release|Any CPU
		{6903CCB7-2C4D-456A-ADC2-F2452493DC6B}.Ad-Hoc|iPhone.Build.0 = Release|Any CPU
		{6903CCB7-2C4D-456A-ADC2-F2452493DC6B}.Ad-Hoc|iPhoneSimulator.ActiveCfg = Release|Any CPU
		{6903CCB7-2C4D-456A-ADC2-F2452493DC6B}.Ad-Hoc|iPhoneSimulator.Build.0 = Release|Any CPU
		{6903CCB7-2C4D-456A-ADC2-F2452493DC6B}.Ad-Hoc|x64.ActiveCfg = Release|Any CPU
		{6903CCB7-2C4D-456A-ADC2-F2452493DC6B}.Ad-Hoc|x64.Build.0 = Release|Any CPU
		{6903CCB7-2C4D-456A-ADC2-F2452493DC6B}.Ad-Hoc|x86.ActiveCfg = Release|Any CPU
		{6903CCB7-2C4D-456A-ADC2-F2452493DC6B}.Ad-Hoc|x86.Build.0 = Release|Any CPU
		{6903CCB7-2C4D-456A-ADC2-F2452493DC6B}.AppStore|Any CPU.ActiveCfg = Release|Any CPU
		{6903CCB7-2C4D-456A-ADC2-F2452493DC6B}.AppStore|Any CPU.Build.0 = Release|Any CPU
		{6903CCB7-2C4D-456A-ADC2-F2452493DC6B}.AppStore|ARM.ActiveCfg = Release|Any CPU
		{6903CCB7-2C4D-456A-ADC2-F2452493DC6B}.AppStore|ARM.Build.0 = Release|Any CPU
		{6903CCB7-2C4D-456A-ADC2-F2452493DC6B}.AppStore|iPhone.ActiveCfg = Release|Any CPU
		{6903CCB7-2C4D-456A-ADC2-F2452493DC6B}.AppStore|iPhone.Build.0 = Release|Any CPU
		{6903CCB7-2C4D-456A-ADC2-F2452493DC6B}.AppStore|iPhoneSimulator.ActiveCfg = Release|Any CPU
		{6903CCB7-2C4D-456A-ADC2-F2452493DC6B}.AppStore|iPhoneSimulator.Build.0 = Release|Any CPU
		{6903CCB7-2C4D-456A-ADC2-F2452493DC6B}.AppStore|x64.ActiveCfg = Release|Any CPU
		{6903CCB7-2C4D-456A-ADC2-F2452493DC6B}.AppStore|x64.Build.0 = Release|Any CPU
		{6903CCB7-2C4D-456A-ADC2-F2452493DC6B}.AppStore|x86.ActiveCfg = Release|Any CPU
		{6903CCB7-2C4D-456A-ADC2-F2452493DC6B}.AppStore|x86.Build.0 = Release|Any CPU
		{6903CCB7-2C4D-456A-ADC2-F2452493DC6B}.Debug|Any CPU.ActiveCfg = Debug|Any CPU
		{6903CCB7-2C4D-456A-ADC2-F2452493DC6B}.Debug|Any CPU.Build.0 = Debug|Any CPU
		{6903CCB7-2C4D-456A-ADC2-F2452493DC6B}.Debug|ARM.ActiveCfg = Debug|Any CPU
		{6903CCB7-2C4D-456A-ADC2-F2452493DC6B}.Debug|ARM.Build.0 = Debug|Any CPU
		{6903CCB7-2C4D-456A-ADC2-F2452493DC6B}.Debug|iPhone.ActiveCfg = Debug|Any CPU
		{6903CCB7-2C4D-456A-ADC2-F2452493DC6B}.Debug|iPhone.Build.0 = Debug|Any CPU
		{6903CCB7-2C4D-456A-ADC2-F2452493DC6B}.Debug|iPhoneSimulator.ActiveCfg = Debug|Any CPU
		{6903CCB7-2C4D-456A-ADC2-F2452493DC6B}.Debug|iPhoneSimulator.Build.0 = Debug|Any CPU
		{6903CCB7-2C4D-456A-ADC2-F2452493DC6B}.Debug|x64.ActiveCfg = Debug|Any CPU
		{6903CCB7-2C4D-456A-ADC2-F2452493DC6B}.Debug|x64.Build.0 = Debug|Any CPU
		{6903CCB7-2C4D-456A-ADC2-F2452493DC6B}.Debug|x86.ActiveCfg = Debug|Any CPU
		{6903CCB7-2C4D-456A-ADC2-F2452493DC6B}.Debug|x86.Build.0 = Debug|Any CPU
		{6903CCB7-2C4D-456A-ADC2-F2452493DC6B}.Release|Any CPU.ActiveCfg = Release|Any CPU
		{6903CCB7-2C4D-456A-ADC2-F2452493DC6B}.Release|Any CPU.Build.0 = Release|Any CPU
		{6903CCB7-2C4D-456A-ADC2-F2452493DC6B}.Release|ARM.ActiveCfg = Release|Any CPU
		{6903CCB7-2C4D-456A-ADC2-F2452493DC6B}.Release|ARM.Build.0 = Release|Any CPU
		{6903CCB7-2C4D-456A-ADC2-F2452493DC6B}.Release|iPhone.ActiveCfg = Release|Any CPU
		{6903CCB7-2C4D-456A-ADC2-F2452493DC6B}.Release|iPhone.Build.0 = Release|Any CPU
		{6903CCB7-2C4D-456A-ADC2-F2452493DC6B}.Release|iPhoneSimulator.ActiveCfg = Release|Any CPU
		{6903CCB7-2C4D-456A-ADC2-F2452493DC6B}.Release|iPhoneSimulator.Build.0 = Release|Any CPU
		{6903CCB7-2C4D-456A-ADC2-F2452493DC6B}.Release|x64.ActiveCfg = Release|Any CPU
		{6903CCB7-2C4D-456A-ADC2-F2452493DC6B}.Release|x64.Build.0 = Release|Any CPU
		{6903CCB7-2C4D-456A-ADC2-F2452493DC6B}.Release|x86.ActiveCfg = Release|Any CPU
		{6903CCB7-2C4D-456A-ADC2-F2452493DC6B}.Release|x86.Build.0 = Release|Any CPU
	EndGlobalSection
	GlobalSection(SolutionProperties) = preSolution
		HideSolutionNode = FALSE
	EndGlobalSection
EndGlobal
